{
  "version": 4,
  "terraform_version": "1.12.1",
  "serial": 57,
  "lineage": "bbdd030b-e118-1761-399a-7cc9d02762f2",
  "outputs": {
    "cloudwatch_dashboard_url": {
      "value": "https://us-east-1.console.aws.amazon.com/cloudwatch/home?region=us-east-1#dashboards:name=aws-ssm-fetcher-dev-dashboard",
      "type": "string"
    },
    "deployment_info": {
      "value": {
        "aws_region": "us-east-1",
        "environment": "dev",
        "lambda_functions": {
          "data_fetcher": "aws-ssm-fetcher-dev-data-fetcher",
          "processor": "aws-ssm-fetcher-dev-processor",
          "report_generator": "aws-ssm-fetcher-dev-report-generator"
        },
        "s3_bucket": "aws-ssm-fetcher-dev-mwik8mc3",
        "step_function": "aws-ssm-fetcher-dev-pipeline"
      },
      "type": [
        "object",
        {
          "aws_region": "string",
          "environment": "string",
          "lambda_functions": [
            "object",
            {
              "data_fetcher": "string",
              "processor": "string",
              "report_generator": "string"
            }
          ],
          "s3_bucket": "string",
          "step_function": "string"
        }
      ]
    },
    "iam_lambda_role_arn": {
      "value": "arn:aws:iam::600424110307:role/aws-ssm-fetcher-dev-lambda-execution-role",
      "type": "string"
    },
    "iam_step_functions_role_arn": {
      "value": "arn:aws:iam::600424110307:role/aws-ssm-fetcher-dev-step-functions-role",
      "type": "string"
    },
    "lambda_data_fetcher_arn": {
      "value": "arn:aws:lambda:us-east-1:600424110307:function:aws-ssm-fetcher-dev-data-fetcher",
      "type": "string"
    },
    "lambda_layer_arn": {
      "value": "arn:aws:lambda:us-east-1:600424110307:layer:aws-ssm-fetcher-dev-shared-layer:1",
      "type": "string"
    },
    "lambda_processor_arn": {
      "value": "arn:aws:lambda:us-east-1:600424110307:function:aws-ssm-fetcher-dev-processor",
      "type": "string"
    },
    "lambda_report_generator_arn": {
      "value": "arn:aws:lambda:us-east-1:600424110307:function:aws-ssm-fetcher-dev-report-generator",
      "type": "string"
    },
    "s3_bucket_arn": {
      "value": "arn:aws:s3:::aws-ssm-fetcher-dev-mwik8mc3",
      "type": "string"
    },
    "s3_bucket_name": {
      "value": "aws-ssm-fetcher-dev-mwik8mc3",
      "type": "string"
    },
    "step_function_arn": {
      "value": "arn:aws:states:us-east-1:600424110307:stateMachine:aws-ssm-fetcher-dev-pipeline",
      "type": "string"
    },
    "step_function_name": {
      "value": "aws-ssm-fetcher-dev-pipeline",
      "type": "string"
    }
  },
  "resources": [
    {
      "mode": "data",
      "type": "aws_caller_identity",
      "name": "current",
      "provider": "provider[\"registry.terraform.io/hashicorp/aws\"]",
      "instances": [
        {
          "schema_version": 0,
          "attributes": {
            "account_id": "600424110307",
            "arn": "arn:aws:iam::600424110307:user/johxan",
            "id": "600424110307",
            "user_id": "AIDAYXTAQ3DRVS6XPWPSG"
          },
          "sensitive_attributes": [],
          "identity_schema_version": 0
        }
      ]
    },
    {
      "mode": "data",
      "type": "aws_region",
      "name": "current",
      "provider": "provider[\"registry.terraform.io/hashicorp/aws\"]",
      "instances": [
        {
          "schema_version": 0,
          "attributes": {
            "description": "US East (N. Virginia)",
            "endpoint": "ec2.us-east-1.amazonaws.com",
            "id": "us-east-1",
            "name": "us-east-1"
          },
          "sensitive_attributes": [],
          "identity_schema_version": 0
        }
      ]
    },
    {
      "module": "module.cloudwatch",
      "mode": "data",
      "type": "aws_region",
      "name": "current",
      "provider": "provider[\"registry.terraform.io/hashicorp/aws\"]",
      "instances": [
        {
          "schema_version": 0,
          "attributes": {
            "description": "US East (N. Virginia)",
            "endpoint": "ec2.us-east-1.amazonaws.com",
            "id": "us-east-1",
            "name": "us-east-1"
          },
          "sensitive_attributes": [],
          "identity_schema_version": 0
        }
      ]
    },
    {
      "module": "module.cloudwatch",
      "mode": "managed",
      "type": "aws_cloudwatch_dashboard",
      "name": "main",
      "provider": "provider[\"registry.terraform.io/hashicorp/aws\"]",
      "instances": [
        {
          "schema_version": 0,
          "attributes": {
            "dashboard_arn": "arn:aws:cloudwatch::600424110307:dashboard/aws-ssm-fetcher-dev-dashboard",
            "dashboard_body": "{\"widgets\":[{\"height\":6,\"properties\":{\"metrics\":[[\"AWS/Lambda\",\"Duration\",\"FunctionName\",\"aws-ssm-fetcher-dev-data-fetcher\"],[\"AWS/Lambda\",\"Duration\",\"FunctionName\",\"aws-ssm-fetcher-dev-processor\"],[\"AWS/Lambda\",\"Duration\",\"FunctionName\",\"aws-ssm-fetcher-dev-report-generator\"]],\"period\":300,\"region\":\"us-east-1\",\"stat\":\"Average\",\"title\":\"Lambda Function Duration\",\"yAxis\":{\"left\":{\"min\":0}}},\"type\":\"metric\",\"width\":12,\"x\":0,\"y\":0},{\"height\":6,\"properties\":{\"metrics\":[[\"AWS/Lambda\",\"Errors\",\"FunctionName\",\"aws-ssm-fetcher-dev-data-fetcher\"],[\"AWS/Lambda\",\"Errors\",\"FunctionName\",\"aws-ssm-fetcher-dev-processor\"],[\"AWS/Lambda\",\"Errors\",\"FunctionName\",\"aws-ssm-fetcher-dev-report-generator\"]],\"period\":300,\"region\":\"us-east-1\",\"stat\":\"Sum\",\"title\":\"Lambda Function Errors\",\"yAxis\":{\"left\":{\"min\":0}}},\"type\":\"metric\",\"width\":12,\"x\":12,\"y\":0},{\"height\":6,\"properties\":{\"metrics\":[[\"AWS/Lambda\",\"Invocations\",\"FunctionName\",\"aws-ssm-fetcher-dev-data-fetcher\"],[\"AWS/Lambda\",\"Invocations\",\"FunctionName\",\"aws-ssm-fetcher-dev-processor\"],[\"AWS/Lambda\",\"Invocations\",\"FunctionName\",\"aws-ssm-fetcher-dev-report-generator\"]],\"period\":300,\"region\":\"us-east-1\",\"stat\":\"Sum\",\"title\":\"Lambda Function Invocations\",\"yAxis\":{\"left\":{\"min\":0}}},\"type\":\"metric\",\"width\":12,\"x\":0,\"y\":6},{\"height\":6,\"properties\":{\"metrics\":[[\"AWS/States\",\"ExecutionsFailed\",\"StateMachineArn\",\"arn:aws:states:us-east-1:600424110307:stateMachine:aws-ssm-fetcher-dev-pipeline\"],[\"AWS/States\",\"ExecutionsSucceeded\",\"StateMachineArn\",\"arn:aws:states:us-east-1:600424110307:stateMachine:aws-ssm-fetcher-dev-pipeline\"],[\"AWS/States\",\"ExecutionsStarted\",\"StateMachineArn\",\"arn:aws:states:us-east-1:600424110307:stateMachine:aws-ssm-fetcher-dev-pipeline\"]],\"period\":300,\"region\":\"us-east-1\",\"stat\":\"Sum\",\"title\":\"Step Functions Executions\",\"yAxis\":{\"left\":{\"min\":0}}},\"type\":\"metric\",\"width\":12,\"x\":12,\"y\":6}]}",
            "dashboard_name": "aws-ssm-fetcher-dev-dashboard",
            "id": "aws-ssm-fetcher-dev-dashboard"
          },
          "sensitive_attributes": [],
          "identity_schema_version": 0,
          "private": "bnVsbA==",
          "dependencies": [
            "module.cloudwatch.data.aws_region.current",
            "module.iam.aws_iam_role.lambda_execution",
            "module.iam.aws_iam_role.step_functions_execution",
            "module.lambda_data_fetcher.aws_cloudwatch_log_group.lambda_logs",
            "module.lambda_data_fetcher.aws_lambda_function.main",
            "module.lambda_data_fetcher.aws_sqs_queue.dlq",
            "module.lambda_data_fetcher.data.archive_file.lambda_zip",
            "module.lambda_layer.aws_lambda_layer_version.shared_layer",
            "module.lambda_layer.data.archive_file.layer_zip",
            "module.lambda_processor.aws_cloudwatch_log_group.lambda_logs",
            "module.lambda_processor.aws_lambda_function.main",
            "module.lambda_processor.aws_sqs_queue.dlq",
            "module.lambda_processor.data.archive_file.lambda_zip",
            "module.lambda_report_generator.aws_cloudwatch_log_group.lambda_logs",
            "module.lambda_report_generator.aws_lambda_function.main",
            "module.lambda_report_generator.aws_sqs_queue.dlq",
            "module.lambda_report_generator.data.archive_file.lambda_zip",
            "module.s3_storage.aws_s3_bucket.main",
            "module.s3_storage.random_string.suffix",
            "module.step_functions.aws_cloudwatch_log_group.step_functions_logs",
            "module.step_functions.aws_sfn_state_machine.main",
            "module.step_functions.aws_sns_topic.notifications"
          ]
        }
      ]
    },
    {
      "module": "module.cloudwatch",
      "mode": "managed",
      "type": "aws_cloudwatch_log_group",
      "name": "lambda_log_groups",
      "provider": "provider[\"registry.terraform.io/hashicorp/aws\"]",
      "instances": [
        {
          "index_key": 0,
          "schema_version": 0,
          "attributes": {
            "arn": "arn:aws:logs:us-east-1:600424110307:log-group:/aws/lambda/aws-ssm-fetcher-dev-data-fetcher",
            "id": "/aws/lambda/aws-ssm-fetcher-dev-data-fetcher",
            "kms_key_id": "",
            "log_group_class": "STANDARD",
            "name": "/aws/lambda/aws-ssm-fetcher-dev-data-fetcher",
            "name_prefix": "",
            "retention_in_days": 14,
            "skip_destroy": false,
            "tags": {
              "Name": "aws-ssm-fetcher-dev-data-fetcher-logs"
            },
            "tags_all": {
              "Environment": "dev",
              "ManagedBy": "terraform",
              "Name": "aws-ssm-fetcher-dev-data-fetcher-logs",
              "Project": "aws-ssm-fetcher"
            }
          },
          "sensitive_attributes": [],
          "identity_schema_version": 0,
          "private": "eyJzY2hlbWFfdmVyc2lvbiI6IjAifQ=="
        },
        {
          "index_key": 1,
          "schema_version": 0,
          "attributes": {
            "arn": "arn:aws:logs:us-east-1:600424110307:log-group:/aws/lambda/aws-ssm-fetcher-dev-processor",
            "id": "/aws/lambda/aws-ssm-fetcher-dev-processor",
            "kms_key_id": "",
            "log_group_class": "STANDARD",
            "name": "/aws/lambda/aws-ssm-fetcher-dev-processor",
            "name_prefix": "",
            "retention_in_days": 14,
            "skip_destroy": false,
            "tags": {
              "Name": "aws-ssm-fetcher-dev-processor-logs"
            },
            "tags_all": {
              "Environment": "dev",
              "ManagedBy": "terraform",
              "Name": "aws-ssm-fetcher-dev-processor-logs",
              "Project": "aws-ssm-fetcher"
            }
          },
          "sensitive_attributes": [],
          "identity_schema_version": 0,
          "private": "eyJzY2hlbWFfdmVyc2lvbiI6IjAifQ=="
        },
        {
          "index_key": 2,
          "schema_version": 0,
          "attributes": {
            "arn": "arn:aws:logs:us-east-1:600424110307:log-group:/aws/lambda/aws-ssm-fetcher-dev-report-generator",
            "id": "/aws/lambda/aws-ssm-fetcher-dev-report-generator",
            "kms_key_id": "",
            "log_group_class": "STANDARD",
            "name": "/aws/lambda/aws-ssm-fetcher-dev-report-generator",
            "name_prefix": "",
            "retention_in_days": 14,
            "skip_destroy": false,
            "tags": {
              "Name": "aws-ssm-fetcher-dev-report-generator-logs"
            },
            "tags_all": {
              "Environment": "dev",
              "ManagedBy": "terraform",
              "Name": "aws-ssm-fetcher-dev-report-generator-logs",
              "Project": "aws-ssm-fetcher"
            }
          },
          "sensitive_attributes": [],
          "identity_schema_version": 0,
          "private": "eyJzY2hlbWFfdmVyc2lvbiI6IjAifQ=="
        }
      ]
    },
    {
      "module": "module.cloudwatch",
      "mode": "managed",
      "type": "aws_cloudwatch_metric_alarm",
      "name": "lambda_duration",
      "provider": "provider[\"registry.terraform.io/hashicorp/aws\"]",
      "instances": [
        {
          "index_key": 0,
          "schema_version": 1,
          "attributes": {
            "actions_enabled": true,
            "alarm_actions": null,
            "alarm_description": "This metric monitors lambda duration for aws-ssm-fetcher-dev-data-fetcher",
            "alarm_name": "aws-ssm-fetcher-dev-aws-ssm-fetcher-dev-data-fetcher-duration",
            "arn": "arn:aws:cloudwatch:us-east-1:600424110307:alarm:aws-ssm-fetcher-dev-aws-ssm-fetcher-dev-data-fetcher-duration",
            "comparison_operator": "GreaterThanThreshold",
            "datapoints_to_alarm": 0,
            "dimensions": {
              "FunctionName": "aws-ssm-fetcher-dev-data-fetcher"
            },
            "evaluate_low_sample_count_percentiles": "",
            "evaluation_periods": 2,
            "extended_statistic": "",
            "id": "aws-ssm-fetcher-dev-aws-ssm-fetcher-dev-data-fetcher-duration",
            "insufficient_data_actions": null,
            "metric_name": "Duration",
            "metric_query": [],
            "namespace": "AWS/Lambda",
            "ok_actions": null,
            "period": 300,
            "statistic": "Average",
            "tags": {
              "Environment": "dev",
              "ManagedBy": "terraform",
              "Name": "aws-ssm-fetcher-dev-aws-ssm-fetcher-dev-data-fetcher-duration-alarm",
              "Project": "aws-ssm-fetcher"
            },
            "tags_all": {
              "Environment": "dev",
              "ManagedBy": "terraform",
              "Name": "aws-ssm-fetcher-dev-aws-ssm-fetcher-dev-data-fetcher-duration-alarm",
              "Project": "aws-ssm-fetcher"
            },
            "threshold": 60000,
            "threshold_metric_id": "",
            "treat_missing_data": "missing",
            "unit": ""
          },
          "sensitive_attributes": [],
          "identity_schema_version": 0,
          "private": "eyJzY2hlbWFfdmVyc2lvbiI6IjEifQ==",
          "dependencies": [
            "module.cloudwatch.aws_sns_topic.alarms",
            "module.iam.aws_iam_role.lambda_execution",
            "module.lambda_data_fetcher.aws_cloudwatch_log_group.lambda_logs",
            "module.lambda_data_fetcher.aws_lambda_function.main",
            "module.lambda_data_fetcher.aws_sqs_queue.dlq",
            "module.lambda_data_fetcher.data.archive_file.lambda_zip",
            "module.lambda_layer.aws_lambda_layer_version.shared_layer",
            "module.lambda_layer.data.archive_file.layer_zip",
            "module.lambda_processor.aws_cloudwatch_log_group.lambda_logs",
            "module.lambda_processor.aws_lambda_function.main",
            "module.lambda_processor.aws_sqs_queue.dlq",
            "module.lambda_processor.data.archive_file.lambda_zip",
            "module.lambda_report_generator.aws_cloudwatch_log_group.lambda_logs",
            "module.lambda_report_generator.aws_lambda_function.main",
            "module.lambda_report_generator.aws_sqs_queue.dlq",
            "module.lambda_report_generator.data.archive_file.lambda_zip",
            "module.s3_storage.aws_s3_bucket.main",
            "module.s3_storage.random_string.suffix"
          ]
        },
        {
          "index_key": 1,
          "schema_version": 1,
          "attributes": {
            "actions_enabled": true,
            "alarm_actions": null,
            "alarm_description": "This metric monitors lambda duration for aws-ssm-fetcher-dev-processor",
            "alarm_name": "aws-ssm-fetcher-dev-aws-ssm-fetcher-dev-processor-duration",
            "arn": "arn:aws:cloudwatch:us-east-1:600424110307:alarm:aws-ssm-fetcher-dev-aws-ssm-fetcher-dev-processor-duration",
            "comparison_operator": "GreaterThanThreshold",
            "datapoints_to_alarm": 0,
            "dimensions": {
              "FunctionName": "aws-ssm-fetcher-dev-processor"
            },
            "evaluate_low_sample_count_percentiles": "",
            "evaluation_periods": 2,
            "extended_statistic": "",
            "id": "aws-ssm-fetcher-dev-aws-ssm-fetcher-dev-processor-duration",
            "insufficient_data_actions": null,
            "metric_name": "Duration",
            "metric_query": [],
            "namespace": "AWS/Lambda",
            "ok_actions": null,
            "period": 300,
            "statistic": "Average",
            "tags": {
              "Environment": "dev",
              "ManagedBy": "terraform",
              "Name": "aws-ssm-fetcher-dev-aws-ssm-fetcher-dev-processor-duration-alarm",
              "Project": "aws-ssm-fetcher"
            },
            "tags_all": {
              "Environment": "dev",
              "ManagedBy": "terraform",
              "Name": "aws-ssm-fetcher-dev-aws-ssm-fetcher-dev-processor-duration-alarm",
              "Project": "aws-ssm-fetcher"
            },
            "threshold": 60000,
            "threshold_metric_id": "",
            "treat_missing_data": "missing",
            "unit": ""
          },
          "sensitive_attributes": [],
          "identity_schema_version": 0,
          "private": "eyJzY2hlbWFfdmVyc2lvbiI6IjEifQ==",
          "dependencies": [
            "module.cloudwatch.aws_sns_topic.alarms",
            "module.iam.aws_iam_role.lambda_execution",
            "module.lambda_data_fetcher.aws_cloudwatch_log_group.lambda_logs",
            "module.lambda_data_fetcher.aws_lambda_function.main",
            "module.lambda_data_fetcher.aws_sqs_queue.dlq",
            "module.lambda_data_fetcher.data.archive_file.lambda_zip",
            "module.lambda_layer.aws_lambda_layer_version.shared_layer",
            "module.lambda_layer.data.archive_file.layer_zip",
            "module.lambda_processor.aws_cloudwatch_log_group.lambda_logs",
            "module.lambda_processor.aws_lambda_function.main",
            "module.lambda_processor.aws_sqs_queue.dlq",
            "module.lambda_processor.data.archive_file.lambda_zip",
            "module.lambda_report_generator.aws_cloudwatch_log_group.lambda_logs",
            "module.lambda_report_generator.aws_lambda_function.main",
            "module.lambda_report_generator.aws_sqs_queue.dlq",
            "module.lambda_report_generator.data.archive_file.lambda_zip",
            "module.s3_storage.aws_s3_bucket.main",
            "module.s3_storage.random_string.suffix"
          ]
        },
        {
          "index_key": 2,
          "schema_version": 1,
          "attributes": {
            "actions_enabled": true,
            "alarm_actions": null,
            "alarm_description": "This metric monitors lambda duration for aws-ssm-fetcher-dev-report-generator",
            "alarm_name": "aws-ssm-fetcher-dev-aws-ssm-fetcher-dev-report-generator-duration",
            "arn": "arn:aws:cloudwatch:us-east-1:600424110307:alarm:aws-ssm-fetcher-dev-aws-ssm-fetcher-dev-report-generator-duration",
            "comparison_operator": "GreaterThanThreshold",
            "datapoints_to_alarm": 0,
            "dimensions": {
              "FunctionName": "aws-ssm-fetcher-dev-report-generator"
            },
            "evaluate_low_sample_count_percentiles": "",
            "evaluation_periods": 2,
            "extended_statistic": "",
            "id": "aws-ssm-fetcher-dev-aws-ssm-fetcher-dev-report-generator-duration",
            "insufficient_data_actions": null,
            "metric_name": "Duration",
            "metric_query": [],
            "namespace": "AWS/Lambda",
            "ok_actions": null,
            "period": 300,
            "statistic": "Average",
            "tags": {
              "Environment": "dev",
              "ManagedBy": "terraform",
              "Name": "aws-ssm-fetcher-dev-aws-ssm-fetcher-dev-report-generator-duration-alarm",
              "Project": "aws-ssm-fetcher"
            },
            "tags_all": {
              "Environment": "dev",
              "ManagedBy": "terraform",
              "Name": "aws-ssm-fetcher-dev-aws-ssm-fetcher-dev-report-generator-duration-alarm",
              "Project": "aws-ssm-fetcher"
            },
            "threshold": 60000,
            "threshold_metric_id": "",
            "treat_missing_data": "missing",
            "unit": ""
          },
          "sensitive_attributes": [],
          "identity_schema_version": 0,
          "private": "eyJzY2hlbWFfdmVyc2lvbiI6IjEifQ==",
          "dependencies": [
            "module.cloudwatch.aws_sns_topic.alarms",
            "module.iam.aws_iam_role.lambda_execution",
            "module.lambda_data_fetcher.aws_cloudwatch_log_group.lambda_logs",
            "module.lambda_data_fetcher.aws_lambda_function.main",
            "module.lambda_data_fetcher.aws_sqs_queue.dlq",
            "module.lambda_data_fetcher.data.archive_file.lambda_zip",
            "module.lambda_layer.aws_lambda_layer_version.shared_layer",
            "module.lambda_layer.data.archive_file.layer_zip",
            "module.lambda_processor.aws_cloudwatch_log_group.lambda_logs",
            "module.lambda_processor.aws_lambda_function.main",
            "module.lambda_processor.aws_sqs_queue.dlq",
            "module.lambda_processor.data.archive_file.lambda_zip",
            "module.lambda_report_generator.aws_cloudwatch_log_group.lambda_logs",
            "module.lambda_report_generator.aws_lambda_function.main",
            "module.lambda_report_generator.aws_sqs_queue.dlq",
            "module.lambda_report_generator.data.archive_file.lambda_zip",
            "module.s3_storage.aws_s3_bucket.main",
            "module.s3_storage.random_string.suffix"
          ]
        }
      ]
    },
    {
      "module": "module.cloudwatch",
      "mode": "managed",
      "type": "aws_cloudwatch_metric_alarm",
      "name": "lambda_errors",
      "provider": "provider[\"registry.terraform.io/hashicorp/aws\"]",
      "instances": [
        {
          "index_key": 0,
          "schema_version": 1,
          "attributes": {
            "actions_enabled": true,
            "alarm_actions": null,
            "alarm_description": "This metric monitors lambda errors for aws-ssm-fetcher-dev-data-fetcher",
            "alarm_name": "aws-ssm-fetcher-dev-aws-ssm-fetcher-dev-data-fetcher-errors",
            "arn": "arn:aws:cloudwatch:us-east-1:600424110307:alarm:aws-ssm-fetcher-dev-aws-ssm-fetcher-dev-data-fetcher-errors",
            "comparison_operator": "GreaterThanThreshold",
            "datapoints_to_alarm": 0,
            "dimensions": {
              "FunctionName": "aws-ssm-fetcher-dev-data-fetcher"
            },
            "evaluate_low_sample_count_percentiles": "",
            "evaluation_periods": 2,
            "extended_statistic": "",
            "id": "aws-ssm-fetcher-dev-aws-ssm-fetcher-dev-data-fetcher-errors",
            "insufficient_data_actions": null,
            "metric_name": "Errors",
            "metric_query": [],
            "namespace": "AWS/Lambda",
            "ok_actions": null,
            "period": 300,
            "statistic": "Sum",
            "tags": {
              "Environment": "dev",
              "ManagedBy": "terraform",
              "Name": "aws-ssm-fetcher-dev-aws-ssm-fetcher-dev-data-fetcher-errors-alarm",
              "Project": "aws-ssm-fetcher"
            },
            "tags_all": {
              "Environment": "dev",
              "ManagedBy": "terraform",
              "Name": "aws-ssm-fetcher-dev-aws-ssm-fetcher-dev-data-fetcher-errors-alarm",
              "Project": "aws-ssm-fetcher"
            },
            "threshold": 5,
            "threshold_metric_id": "",
            "treat_missing_data": "missing",
            "unit": ""
          },
          "sensitive_attributes": [],
          "identity_schema_version": 0,
          "private": "eyJzY2hlbWFfdmVyc2lvbiI6IjEifQ==",
          "dependencies": [
            "module.cloudwatch.aws_sns_topic.alarms",
            "module.iam.aws_iam_role.lambda_execution",
            "module.lambda_data_fetcher.aws_cloudwatch_log_group.lambda_logs",
            "module.lambda_data_fetcher.aws_lambda_function.main",
            "module.lambda_data_fetcher.aws_sqs_queue.dlq",
            "module.lambda_data_fetcher.data.archive_file.lambda_zip",
            "module.lambda_layer.aws_lambda_layer_version.shared_layer",
            "module.lambda_layer.data.archive_file.layer_zip",
            "module.lambda_processor.aws_cloudwatch_log_group.lambda_logs",
            "module.lambda_processor.aws_lambda_function.main",
            "module.lambda_processor.aws_sqs_queue.dlq",
            "module.lambda_processor.data.archive_file.lambda_zip",
            "module.lambda_report_generator.aws_cloudwatch_log_group.lambda_logs",
            "module.lambda_report_generator.aws_lambda_function.main",
            "module.lambda_report_generator.aws_sqs_queue.dlq",
            "module.lambda_report_generator.data.archive_file.lambda_zip",
            "module.s3_storage.aws_s3_bucket.main",
            "module.s3_storage.random_string.suffix"
          ]
        },
        {
          "index_key": 1,
          "schema_version": 1,
          "attributes": {
            "actions_enabled": true,
            "alarm_actions": null,
            "alarm_description": "This metric monitors lambda errors for aws-ssm-fetcher-dev-processor",
            "alarm_name": "aws-ssm-fetcher-dev-aws-ssm-fetcher-dev-processor-errors",
            "arn": "arn:aws:cloudwatch:us-east-1:600424110307:alarm:aws-ssm-fetcher-dev-aws-ssm-fetcher-dev-processor-errors",
            "comparison_operator": "GreaterThanThreshold",
            "datapoints_to_alarm": 0,
            "dimensions": {
              "FunctionName": "aws-ssm-fetcher-dev-processor"
            },
            "evaluate_low_sample_count_percentiles": "",
            "evaluation_periods": 2,
            "extended_statistic": "",
            "id": "aws-ssm-fetcher-dev-aws-ssm-fetcher-dev-processor-errors",
            "insufficient_data_actions": null,
            "metric_name": "Errors",
            "metric_query": [],
            "namespace": "AWS/Lambda",
            "ok_actions": null,
            "period": 300,
            "statistic": "Sum",
            "tags": {
              "Environment": "dev",
              "ManagedBy": "terraform",
              "Name": "aws-ssm-fetcher-dev-aws-ssm-fetcher-dev-processor-errors-alarm",
              "Project": "aws-ssm-fetcher"
            },
            "tags_all": {
              "Environment": "dev",
              "ManagedBy": "terraform",
              "Name": "aws-ssm-fetcher-dev-aws-ssm-fetcher-dev-processor-errors-alarm",
              "Project": "aws-ssm-fetcher"
            },
            "threshold": 5,
            "threshold_metric_id": "",
            "treat_missing_data": "missing",
            "unit": ""
          },
          "sensitive_attributes": [],
          "identity_schema_version": 0,
          "private": "eyJzY2hlbWFfdmVyc2lvbiI6IjEifQ==",
          "dependencies": [
            "module.cloudwatch.aws_sns_topic.alarms",
            "module.iam.aws_iam_role.lambda_execution",
            "module.lambda_data_fetcher.aws_cloudwatch_log_group.lambda_logs",
            "module.lambda_data_fetcher.aws_lambda_function.main",
            "module.lambda_data_fetcher.aws_sqs_queue.dlq",
            "module.lambda_data_fetcher.data.archive_file.lambda_zip",
            "module.lambda_layer.aws_lambda_layer_version.shared_layer",
            "module.lambda_layer.data.archive_file.layer_zip",
            "module.lambda_processor.aws_cloudwatch_log_group.lambda_logs",
            "module.lambda_processor.aws_lambda_function.main",
            "module.lambda_processor.aws_sqs_queue.dlq",
            "module.lambda_processor.data.archive_file.lambda_zip",
            "module.lambda_report_generator.aws_cloudwatch_log_group.lambda_logs",
            "module.lambda_report_generator.aws_lambda_function.main",
            "module.lambda_report_generator.aws_sqs_queue.dlq",
            "module.lambda_report_generator.data.archive_file.lambda_zip",
            "module.s3_storage.aws_s3_bucket.main",
            "module.s3_storage.random_string.suffix"
          ]
        },
        {
          "index_key": 2,
          "schema_version": 1,
          "attributes": {
            "actions_enabled": true,
            "alarm_actions": null,
            "alarm_description": "This metric monitors lambda errors for aws-ssm-fetcher-dev-report-generator",
            "alarm_name": "aws-ssm-fetcher-dev-aws-ssm-fetcher-dev-report-generator-errors",
            "arn": "arn:aws:cloudwatch:us-east-1:600424110307:alarm:aws-ssm-fetcher-dev-aws-ssm-fetcher-dev-report-generator-errors",
            "comparison_operator": "GreaterThanThreshold",
            "datapoints_to_alarm": 0,
            "dimensions": {
              "FunctionName": "aws-ssm-fetcher-dev-report-generator"
            },
            "evaluate_low_sample_count_percentiles": "",
            "evaluation_periods": 2,
            "extended_statistic": "",
            "id": "aws-ssm-fetcher-dev-aws-ssm-fetcher-dev-report-generator-errors",
            "insufficient_data_actions": null,
            "metric_name": "Errors",
            "metric_query": [],
            "namespace": "AWS/Lambda",
            "ok_actions": null,
            "period": 300,
            "statistic": "Sum",
            "tags": {
              "Environment": "dev",
              "ManagedBy": "terraform",
              "Name": "aws-ssm-fetcher-dev-aws-ssm-fetcher-dev-report-generator-errors-alarm",
              "Project": "aws-ssm-fetcher"
            },
            "tags_all": {
              "Environment": "dev",
              "ManagedBy": "terraform",
              "Name": "aws-ssm-fetcher-dev-aws-ssm-fetcher-dev-report-generator-errors-alarm",
              "Project": "aws-ssm-fetcher"
            },
            "threshold": 5,
            "threshold_metric_id": "",
            "treat_missing_data": "missing",
            "unit": ""
          },
          "sensitive_attributes": [],
          "identity_schema_version": 0,
          "private": "eyJzY2hlbWFfdmVyc2lvbiI6IjEifQ==",
          "dependencies": [
            "module.cloudwatch.aws_sns_topic.alarms",
            "module.iam.aws_iam_role.lambda_execution",
            "module.lambda_data_fetcher.aws_cloudwatch_log_group.lambda_logs",
            "module.lambda_data_fetcher.aws_lambda_function.main",
            "module.lambda_data_fetcher.aws_sqs_queue.dlq",
            "module.lambda_data_fetcher.data.archive_file.lambda_zip",
            "module.lambda_layer.aws_lambda_layer_version.shared_layer",
            "module.lambda_layer.data.archive_file.layer_zip",
            "module.lambda_processor.aws_cloudwatch_log_group.lambda_logs",
            "module.lambda_processor.aws_lambda_function.main",
            "module.lambda_processor.aws_sqs_queue.dlq",
            "module.lambda_processor.data.archive_file.lambda_zip",
            "module.lambda_report_generator.aws_cloudwatch_log_group.lambda_logs",
            "module.lambda_report_generator.aws_lambda_function.main",
            "module.lambda_report_generator.aws_sqs_queue.dlq",
            "module.lambda_report_generator.data.archive_file.lambda_zip",
            "module.s3_storage.aws_s3_bucket.main",
            "module.s3_storage.random_string.suffix"
          ]
        }
      ]
    },
    {
      "module": "module.cloudwatch",
      "mode": "managed",
      "type": "aws_cloudwatch_metric_alarm",
      "name": "step_function_failures",
      "provider": "provider[\"registry.terraform.io/hashicorp/aws\"]",
      "instances": [
        {
          "schema_version": 1,
          "attributes": {
            "actions_enabled": true,
            "alarm_actions": null,
            "alarm_description": "This metric monitors step function execution failures",
            "alarm_name": "aws-ssm-fetcher-dev-step-function-failures",
            "arn": "arn:aws:cloudwatch:us-east-1:600424110307:alarm:aws-ssm-fetcher-dev-step-function-failures",
            "comparison_operator": "GreaterThanThreshold",
            "datapoints_to_alarm": 0,
            "dimensions": {
              "StateMachineArn": "arn:aws:states:us-east-1:600424110307:stateMachine:aws-ssm-fetcher-dev-pipeline"
            },
            "evaluate_low_sample_count_percentiles": "",
            "evaluation_periods": 1,
            "extended_statistic": "",
            "id": "aws-ssm-fetcher-dev-step-function-failures",
            "insufficient_data_actions": null,
            "metric_name": "ExecutionsFailed",
            "metric_query": [],
            "namespace": "AWS/States",
            "ok_actions": null,
            "period": 300,
            "statistic": "Sum",
            "tags": {
              "Environment": "dev",
              "ManagedBy": "terraform",
              "Name": "aws-ssm-fetcher-dev-step-function-failures-alarm",
              "Project": "aws-ssm-fetcher"
            },
            "tags_all": {
              "Environment": "dev",
              "ManagedBy": "terraform",
              "Name": "aws-ssm-fetcher-dev-step-function-failures-alarm",
              "Project": "aws-ssm-fetcher"
            },
            "threshold": 0,
            "threshold_metric_id": "",
            "treat_missing_data": "missing",
            "unit": ""
          },
          "sensitive_attributes": [],
          "identity_schema_version": 0,
          "private": "eyJzY2hlbWFfdmVyc2lvbiI6IjEifQ==",
          "dependencies": [
            "module.cloudwatch.aws_sns_topic.alarms",
            "module.iam.aws_iam_role.lambda_execution",
            "module.iam.aws_iam_role.step_functions_execution",
            "module.lambda_data_fetcher.aws_cloudwatch_log_group.lambda_logs",
            "module.lambda_data_fetcher.aws_lambda_function.main",
            "module.lambda_data_fetcher.aws_sqs_queue.dlq",
            "module.lambda_data_fetcher.data.archive_file.lambda_zip",
            "module.lambda_layer.aws_lambda_layer_version.shared_layer",
            "module.lambda_layer.data.archive_file.layer_zip",
            "module.lambda_processor.aws_cloudwatch_log_group.lambda_logs",
            "module.lambda_processor.aws_lambda_function.main",
            "module.lambda_processor.aws_sqs_queue.dlq",
            "module.lambda_processor.data.archive_file.lambda_zip",
            "module.lambda_report_generator.aws_cloudwatch_log_group.lambda_logs",
            "module.lambda_report_generator.aws_lambda_function.main",
            "module.lambda_report_generator.aws_sqs_queue.dlq",
            "module.lambda_report_generator.data.archive_file.lambda_zip",
            "module.s3_storage.aws_s3_bucket.main",
            "module.s3_storage.random_string.suffix",
            "module.step_functions.aws_cloudwatch_log_group.step_functions_logs",
            "module.step_functions.aws_sfn_state_machine.main",
            "module.step_functions.aws_sns_topic.notifications"
          ]
        }
      ]
    },
    {
      "module": "module.cloudwatch",
      "mode": "managed",
      "type": "aws_sns_topic",
      "name": "alarms",
      "provider": "provider[\"registry.terraform.io/hashicorp/aws\"]",
      "instances": []
    },
    {
      "module": "module.cloudwatch",
      "mode": "managed",
      "type": "aws_sns_topic_subscription",
      "name": "email",
      "provider": "provider[\"registry.terraform.io/hashicorp/aws\"]",
      "instances": []
    },
    {
      "module": "module.iam",
      "mode": "managed",
      "type": "aws_iam_role",
      "name": "events_execution",
      "provider": "provider[\"registry.terraform.io/hashicorp/aws\"]",
      "instances": [
        {
          "schema_version": 0,
          "attributes": {
            "arn": "arn:aws:iam::600424110307:role/aws-ssm-fetcher-dev-events-role",
            "assume_role_policy": "{\"Statement\":[{\"Action\":\"sts:AssumeRole\",\"Effect\":\"Allow\",\"Principal\":{\"Service\":\"events.amazonaws.com\"}}],\"Version\":\"2012-10-17\"}",
            "create_date": "2025-09-08T00:46:51Z",
            "description": "",
            "force_detach_policies": false,
            "id": "aws-ssm-fetcher-dev-events-role",
            "inline_policy": [
              {
                "name": "aws-ssm-fetcher-dev-events-policy",
                "policy": "{\"Version\":\"2012-10-17\",\"Statement\":[{\"Action\":[\"states:StartExecution\"],\"Effect\":\"Allow\",\"Resource\":\"arn:aws:states:*:*:stateMachine:aws-ssm-fetcher-dev-*\"}]}"
              }
            ],
            "managed_policy_arns": [],
            "max_session_duration": 3600,
            "name": "aws-ssm-fetcher-dev-events-role",
            "name_prefix": "",
            "path": "/",
            "permissions_boundary": "",
            "tags": {
              "Environment": "dev",
              "ManagedBy": "terraform",
              "Name": "aws-ssm-fetcher-dev-events-role",
              "Project": "aws-ssm-fetcher"
            },
            "tags_all": {
              "Environment": "dev",
              "ManagedBy": "terraform",
              "Name": "aws-ssm-fetcher-dev-events-role",
              "Project": "aws-ssm-fetcher"
            },
            "unique_id": "AROAYXTAQ3DR4ZEVMSUKS"
          },
          "sensitive_attributes": [],
          "identity_schema_version": 0,
          "private": "bnVsbA=="
        }
      ]
    },
    {
      "module": "module.iam",
      "mode": "managed",
      "type": "aws_iam_role",
      "name": "lambda_execution",
      "provider": "provider[\"registry.terraform.io/hashicorp/aws\"]",
      "instances": [
        {
          "schema_version": 0,
          "attributes": {
            "arn": "arn:aws:iam::600424110307:role/aws-ssm-fetcher-dev-lambda-execution-role",
            "assume_role_policy": "{\"Statement\":[{\"Action\":\"sts:AssumeRole\",\"Effect\":\"Allow\",\"Principal\":{\"Service\":\"lambda.amazonaws.com\"}}],\"Version\":\"2012-10-17\"}",
            "create_date": "2025-09-08T00:46:51Z",
            "description": "",
            "force_detach_policies": false,
            "id": "aws-ssm-fetcher-dev-lambda-execution-role",
            "inline_policy": [
              {
                "name": "aws-ssm-fetcher-dev-lambda-execution-policy",
                "policy": "{\"Version\":\"2012-10-17\",\"Statement\":[{\"Action\":[\"logs:CreateLogGroup\",\"logs:CreateLogStream\",\"logs:PutLogEvents\"],\"Effect\":\"Allow\",\"Resource\":\"arn:aws:logs:*:*:*\"},{\"Action\":[\"s3:GetObject\",\"s3:PutObject\",\"s3:DeleteObject\",\"s3:ListBucket\"],\"Effect\":\"Allow\",\"Resource\":[\"arn:aws:s3:::aws-ssm-fetcher-dev-mwik8mc3\",\"arn:aws:s3:::aws-ssm-fetcher-dev-mwik8mc3/*\"]},{\"Action\":[\"ssm:GetParameter\",\"ssm:GetParameters\",\"ssm:GetParametersByPath\"],\"Effect\":\"Allow\",\"Resource\":\"arn:aws:ssm:*:*:parameter/aws/service/*\"},{\"Action\":[\"ec2:DescribeRegions\",\"ec2:DescribeAvailabilityZones\"],\"Effect\":\"Allow\",\"Resource\":\"*\"}]}"
              }
            ],
            "managed_policy_arns": [
              "arn:aws:iam::aws:policy/service-role/AWSLambdaBasicExecutionRole"
            ],
            "max_session_duration": 3600,
            "name": "aws-ssm-fetcher-dev-lambda-execution-role",
            "name_prefix": "",
            "path": "/",
            "permissions_boundary": "",
            "tags": {
              "Environment": "dev",
              "ManagedBy": "terraform",
              "Name": "aws-ssm-fetcher-dev-lambda-execution-role",
              "Project": "aws-ssm-fetcher"
            },
            "tags_all": {
              "Environment": "dev",
              "ManagedBy": "terraform",
              "Name": "aws-ssm-fetcher-dev-lambda-execution-role",
              "Project": "aws-ssm-fetcher"
            },
            "unique_id": "AROAYXTAQ3DRR3CYHDFX2"
          },
          "sensitive_attributes": [],
          "identity_schema_version": 0,
          "private": "bnVsbA==",
          "create_before_destroy": true
        }
      ]
    },
    {
      "module": "module.iam",
      "mode": "managed",
      "type": "aws_iam_role",
      "name": "step_functions_execution",
      "provider": "provider[\"registry.terraform.io/hashicorp/aws\"]",
      "instances": [
        {
          "schema_version": 0,
          "attributes": {
            "arn": "arn:aws:iam::600424110307:role/aws-ssm-fetcher-dev-step-functions-role",
            "assume_role_policy": "{\"Statement\":[{\"Action\":\"sts:AssumeRole\",\"Effect\":\"Allow\",\"Principal\":{\"Service\":\"states.amazonaws.com\"}}],\"Version\":\"2012-10-17\"}",
            "create_date": "2025-09-08T00:46:51Z",
            "description": "",
            "force_detach_policies": false,
            "id": "aws-ssm-fetcher-dev-step-functions-role",
            "inline_policy": [
              {
                "name": "aws-ssm-fetcher-dev-step-functions-policy",
                "policy": "{\"Version\":\"2012-10-17\",\"Statement\":[{\"Action\":[\"lambda:InvokeFunction\"],\"Effect\":\"Allow\",\"Resource\":\"arn:aws:lambda:*:*:function:aws-ssm-fetcher-dev-*\"},{\"Action\":[\"logs:CreateLogGroup\",\"logs:CreateLogStream\",\"logs:PutLogEvents\",\"logs:CreateLogDelivery\",\"logs:GetLogDelivery\",\"logs:UpdateLogDelivery\",\"logs:DeleteLogDelivery\",\"logs:ListLogDeliveries\",\"logs:PutResourcePolicy\",\"logs:DescribeResourcePolicies\",\"logs:DescribeLogGroups\"],\"Effect\":\"Allow\",\"Resource\":\"*\"}]}"
              }
            ],
            "managed_policy_arns": [],
            "max_session_duration": 3600,
            "name": "aws-ssm-fetcher-dev-step-functions-role",
            "name_prefix": "",
            "path": "/",
            "permissions_boundary": "",
            "tags": {
              "Environment": "dev",
              "ManagedBy": "terraform",
              "Name": "aws-ssm-fetcher-dev-step-functions-role",
              "Project": "aws-ssm-fetcher"
            },
            "tags_all": {
              "Environment": "dev",
              "ManagedBy": "terraform",
              "Name": "aws-ssm-fetcher-dev-step-functions-role",
              "Project": "aws-ssm-fetcher"
            },
            "unique_id": "AROAYXTAQ3DR3BAGXNMNQ"
          },
          "sensitive_attributes": [],
          "identity_schema_version": 0,
          "private": "bnVsbA=="
        }
      ]
    },
    {
      "module": "module.iam",
      "mode": "managed",
      "type": "aws_iam_role_policy",
      "name": "events_execution_policy",
      "provider": "provider[\"registry.terraform.io/hashicorp/aws\"]",
      "instances": [
        {
          "schema_version": 0,
          "attributes": {
            "id": "aws-ssm-fetcher-dev-events-role:aws-ssm-fetcher-dev-events-policy",
            "name": "aws-ssm-fetcher-dev-events-policy",
            "name_prefix": "",
            "policy": "{\"Version\":\"2012-10-17\",\"Statement\":[{\"Action\":[\"states:StartExecution\"],\"Effect\":\"Allow\",\"Resource\":\"arn:aws:states:*:*:stateMachine:aws-ssm-fetcher-dev-*\"}]}",
            "role": "aws-ssm-fetcher-dev-events-role"
          },
          "sensitive_attributes": [],
          "identity_schema_version": 0,
          "private": "bnVsbA==",
          "dependencies": [
            "module.iam.aws_iam_role.events_execution"
          ]
        }
      ]
    },
    {
      "module": "module.iam",
      "mode": "managed",
      "type": "aws_iam_role_policy",
      "name": "lambda_execution_policy",
      "provider": "provider[\"registry.terraform.io/hashicorp/aws\"]",
      "instances": [
        {
          "schema_version": 0,
          "attributes": {
            "id": "aws-ssm-fetcher-dev-lambda-execution-role:aws-ssm-fetcher-dev-lambda-execution-policy",
            "name": "aws-ssm-fetcher-dev-lambda-execution-policy",
            "name_prefix": "",
            "policy": "{\"Version\":\"2012-10-17\",\"Statement\":[{\"Action\":[\"logs:CreateLogGroup\",\"logs:CreateLogStream\",\"logs:PutLogEvents\"],\"Effect\":\"Allow\",\"Resource\":\"arn:aws:logs:*:*:*\"},{\"Action\":[\"s3:GetObject\",\"s3:PutObject\",\"s3:DeleteObject\",\"s3:ListBucket\"],\"Effect\":\"Allow\",\"Resource\":[\"arn:aws:s3:::aws-ssm-fetcher-dev-mwik8mc3\",\"arn:aws:s3:::aws-ssm-fetcher-dev-mwik8mc3/*\"]},{\"Action\":[\"ssm:GetParameter\",\"ssm:GetParameters\",\"ssm:GetParametersByPath\"],\"Effect\":\"Allow\",\"Resource\":\"arn:aws:ssm:*:*:parameter/aws/service/*\"},{\"Action\":[\"ec2:DescribeRegions\",\"ec2:DescribeAvailabilityZones\"],\"Effect\":\"Allow\",\"Resource\":\"*\"},{\"Action\":[\"sqs:SendMessage\",\"sqs:GetQueueAttributes\"],\"Effect\":\"Allow\",\"Resource\":\"arn:aws:sqs:*:*:aws-ssm-fetcher-dev-*\"}]}",
            "role": "aws-ssm-fetcher-dev-lambda-execution-role"
          },
          "sensitive_attributes": [],
          "identity_schema_version": 0,
          "private": "bnVsbA==",
          "dependencies": [
            "module.iam.aws_iam_role.lambda_execution",
            "module.s3_storage.aws_s3_bucket.main",
            "module.s3_storage.random_string.suffix"
          ]
        }
      ]
    },
    {
      "module": "module.iam",
      "mode": "managed",
      "type": "aws_iam_role_policy",
      "name": "step_functions_execution_policy",
      "provider": "provider[\"registry.terraform.io/hashicorp/aws\"]",
      "instances": [
        {
          "schema_version": 0,
          "attributes": {
            "id": "aws-ssm-fetcher-dev-step-functions-role:aws-ssm-fetcher-dev-step-functions-policy",
            "name": "aws-ssm-fetcher-dev-step-functions-policy",
            "name_prefix": "",
            "policy": "{\"Version\":\"2012-10-17\",\"Statement\":[{\"Action\":[\"lambda:InvokeFunction\"],\"Effect\":\"Allow\",\"Resource\":\"arn:aws:lambda:*:*:function:aws-ssm-fetcher-dev-*\"},{\"Action\":[\"logs:CreateLogGroup\",\"logs:CreateLogStream\",\"logs:PutLogEvents\",\"logs:CreateLogDelivery\",\"logs:GetLogDelivery\",\"logs:UpdateLogDelivery\",\"logs:DeleteLogDelivery\",\"logs:ListLogDeliveries\",\"logs:PutResourcePolicy\",\"logs:DescribeResourcePolicies\",\"logs:DescribeLogGroups\"],\"Effect\":\"Allow\",\"Resource\":\"*\"}]}",
            "role": "aws-ssm-fetcher-dev-step-functions-role"
          },
          "sensitive_attributes": [],
          "identity_schema_version": 0,
          "private": "bnVsbA==",
          "dependencies": [
            "module.iam.aws_iam_role.step_functions_execution"
          ]
        }
      ]
    },
    {
      "module": "module.iam",
      "mode": "managed",
      "type": "aws_iam_role_policy_attachment",
      "name": "lambda_basic_execution",
      "provider": "provider[\"registry.terraform.io/hashicorp/aws\"]",
      "instances": [
        {
          "schema_version": 0,
          "attributes": {
            "id": "aws-ssm-fetcher-dev-lambda-execution-role-20250908004651864300000001",
            "policy_arn": "arn:aws:iam::aws:policy/service-role/AWSLambdaBasicExecutionRole",
            "role": "aws-ssm-fetcher-dev-lambda-execution-role"
          },
          "sensitive_attributes": [],
          "identity_schema_version": 0,
          "private": "bnVsbA==",
          "dependencies": [
            "module.iam.aws_iam_role.lambda_execution"
          ]
        }
      ]
    },
    {
      "module": "module.lambda_data_fetcher",
      "mode": "data",
      "type": "archive_file",
      "name": "lambda_zip",
      "provider": "provider[\"registry.terraform.io/hashicorp/archive\"]",
      "instances": [
        {
          "schema_version": 0,
          "attributes": {
            "exclude_symlink_directories": null,
            "excludes": [
              "*.pyc",
              ".pytest_cache",
              "__pycache__",
              "tests"
            ],
            "id": "7efcdb7e5369063506af3d4b5a7b63a7a5adff68",
            "output_base64sha256": "3ky0uyD/2g3plxWyqYq3lIZMnl/ZdnJ9LeBwH7Q3Zpg=",
            "output_base64sha512": "JgZgLn4JBMCJj5kpIkJNUqSq5tE7zOKgzxQsPhEDhpRCS9mKbxlFlDjZKR31B3dgSLshImn1PLZYBdB9YBLXZA==",
            "output_file_mode": null,
            "output_md5": "f86932aa1f0834454dc0375d170250f8",
            "output_path": "../lambda_functions/data_fetcher.zip",
            "output_sha": "7efcdb7e5369063506af3d4b5a7b63a7a5adff68",
            "output_sha256": "de4cb4bb20ffda0de99715b2a98ab794864c9e5fd976727d2de0701fb4376698",
            "output_sha512": "2606602e7e0904c0898f992922424d52a4aae6d13bcce2a0cf142c3e11038694424bd98a6f19459438d9291df507776048bb212269f53cb65805d07d6012d764",
            "output_size": 14793109,
            "source": [],
            "source_content": null,
            "source_content_filename": null,
            "source_dir": "../lambda_functions/data_fetcher",
            "source_file": null,
            "type": "zip"
          },
          "sensitive_attributes": [],
          "identity_schema_version": 0
        }
      ]
    },
    {
      "module": "module.lambda_data_fetcher",
      "mode": "managed",
      "type": "aws_cloudwatch_log_group",
      "name": "lambda_logs",
      "provider": "provider[\"registry.terraform.io/hashicorp/aws\"]",
      "instances": [
        {
          "schema_version": 0,
          "attributes": {
            "arn": "arn:aws:logs:us-east-1:600424110307:log-group:/aws/lambda/aws-ssm-fetcher-dev-data-fetcher",
            "id": "/aws/lambda/aws-ssm-fetcher-dev-data-fetcher",
            "kms_key_id": "",
            "log_group_class": "STANDARD",
            "name": "/aws/lambda/aws-ssm-fetcher-dev-data-fetcher",
            "name_prefix": "",
            "retention_in_days": 14,
            "skip_destroy": false,
            "tags": {
              "Environment": "dev",
              "ManagedBy": "terraform",
              "Name": "aws-ssm-fetcher-dev-data-fetcher-logs",
              "Project": "aws-ssm-fetcher"
            },
            "tags_all": {
              "Environment": "dev",
              "ManagedBy": "terraform",
              "Name": "aws-ssm-fetcher-dev-data-fetcher-logs",
              "Project": "aws-ssm-fetcher"
            }
          },
          "sensitive_attributes": [],
          "identity_schema_version": 0,
          "private": "bnVsbA==",
          "create_before_destroy": true
        }
      ]
    },
    {
      "module": "module.lambda_data_fetcher",
      "mode": "managed",
      "type": "aws_lambda_alias",
      "name": "main",
      "provider": "provider[\"registry.terraform.io/hashicorp/aws\"]",
      "instances": [
        {
          "schema_version": 0,
          "attributes": {
            "arn": "arn:aws:lambda:us-east-1:600424110307:function:aws-ssm-fetcher-dev-data-fetcher:dev",
            "description": "Alias for dev environment",
            "function_name": "aws-ssm-fetcher-dev-data-fetcher",
            "function_version": "$LATEST",
            "id": "arn:aws:lambda:us-east-1:600424110307:function:aws-ssm-fetcher-dev-data-fetcher:dev",
            "invoke_arn": "arn:aws:apigateway:us-east-1:lambda:path/2015-03-31/functions/arn:aws:lambda:us-east-1:600424110307:function:aws-ssm-fetcher-dev-data-fetcher:dev/invocations",
            "name": "dev",
            "routing_config": []
          },
          "sensitive_attributes": [],
          "identity_schema_version": 0,
          "private": "bnVsbA==",
          "dependencies": [
            "module.iam.aws_iam_role.lambda_execution",
            "module.lambda_data_fetcher.aws_cloudwatch_log_group.lambda_logs",
            "module.lambda_data_fetcher.aws_lambda_function.main",
            "module.lambda_data_fetcher.aws_sqs_queue.dlq",
            "module.lambda_data_fetcher.data.archive_file.lambda_zip",
            "module.lambda_layer.aws_lambda_layer_version.shared_layer",
            "module.lambda_layer.data.archive_file.layer_zip",
            "module.s3_storage.aws_s3_bucket.main",
            "module.s3_storage.random_string.suffix"
          ]
        }
      ]
    },
    {
      "module": "module.lambda_data_fetcher",
      "mode": "managed",
      "type": "aws_lambda_function",
      "name": "main",
      "provider": "provider[\"registry.terraform.io/hashicorp/aws\"]",
      "instances": [
        {
          "schema_version": 0,
          "attributes": {
            "architectures": [
              "x86_64"
            ],
            "arn": "arn:aws:lambda:us-east-1:600424110307:function:aws-ssm-fetcher-dev-data-fetcher",
            "code_sha256": "3ky0uyD/2g3plxWyqYq3lIZMnl/ZdnJ9LeBwH7Q3Zpg=",
            "code_signing_config_arn": "",
            "dead_letter_config": [
              {
                "target_arn": "arn:aws:sqs:us-east-1:600424110307:aws-ssm-fetcher-dev-data-fetcher-dlq"
              }
            ],
            "description": "",
            "environment": [
              {
                "variables": {
                  "CACHE_PREFIX": "cache",
                  "ENVIRONMENT": "dev",
                  "LOG_LEVEL": "DEBUG",
                  "S3_BUCKET": "aws-ssm-fetcher-dev-mwik8mc3"
                }
              }
            ],
            "ephemeral_storage": [
              {
                "size": 512
              }
            ],
            "file_system_config": [],
            "filename": "../lambda_functions/data_fetcher.zip",
            "function_name": "aws-ssm-fetcher-dev-data-fetcher",
            "handler": "lambda_function.lambda_handler",
            "id": "aws-ssm-fetcher-dev-data-fetcher",
            "image_config": [],
            "image_uri": "",
            "invoke_arn": "arn:aws:apigateway:us-east-1:lambda:path/2015-03-31/functions/arn:aws:lambda:us-east-1:600424110307:function:aws-ssm-fetcher-dev-data-fetcher/invocations",
            "kms_key_arn": "",
            "last_modified": "2025-09-08T01:14:24.546+0000",
            "layers": [
              "arn:aws:lambda:us-east-1:600424110307:layer:aws-ssm-fetcher-dev-shared-layer:1"
            ],
            "logging_config": [
              {
                "application_log_level": "",
                "log_format": "Text",
                "log_group": "/aws/lambda/aws-ssm-fetcher-dev-data-fetcher",
                "system_log_level": ""
              }
            ],
            "memory_size": 1024,
            "package_type": "Zip",
            "publish": false,
            "qualified_arn": "arn:aws:lambda:us-east-1:600424110307:function:aws-ssm-fetcher-dev-data-fetcher:$LATEST",
            "qualified_invoke_arn": "arn:aws:apigateway:us-east-1:lambda:path/2015-03-31/functions/arn:aws:lambda:us-east-1:600424110307:function:aws-ssm-fetcher-dev-data-fetcher:$LATEST/invocations",
            "replace_security_groups_on_destroy": null,
            "replacement_security_group_ids": null,
            "reserved_concurrent_executions": -1,
            "role": "arn:aws:iam::600424110307:role/aws-ssm-fetcher-dev-lambda-execution-role",
            "runtime": "python3.11",
            "s3_bucket": null,
            "s3_key": null,
            "s3_object_version": null,
            "signing_job_arn": "",
            "signing_profile_version_arn": "",
            "skip_destroy": false,
            "snap_start": [],
            "source_code_hash": "3ky0uyD/2g3plxWyqYq3lIZMnl/ZdnJ9LeBwH7Q3Zpg=",
            "source_code_size": 14793109,
            "tags": {
              "Environment": "dev",
              "ManagedBy": "terraform",
              "Name": "aws-ssm-fetcher-dev-data-fetcher",
              "Project": "aws-ssm-fetcher"
            },
            "tags_all": {
              "Environment": "dev",
              "ManagedBy": "terraform",
              "Name": "aws-ssm-fetcher-dev-data-fetcher",
              "Project": "aws-ssm-fetcher"
            },
            "timeout": 900,
            "timeouts": null,
            "tracing_config": [
              {
                "mode": "PassThrough"
              }
            ],
            "version": "$LATEST",
            "vpc_config": []
          },
          "sensitive_attributes": [],
          "identity_schema_version": 0,
          "private": "eyJlMmJmYjczMC1lY2FhLTExZTYtOGY4OC0zNDM2M2JjN2M0YzAiOnsiY3JlYXRlIjo2MDAwMDAwMDAwMDAsImRlbGV0ZSI6NjAwMDAwMDAwMDAwLCJ1cGRhdGUiOjYwMDAwMDAwMDAwMH19",
          "dependencies": [
            "module.iam.aws_iam_role.lambda_execution",
            "module.lambda_data_fetcher.aws_cloudwatch_log_group.lambda_logs",
            "module.lambda_data_fetcher.aws_sqs_queue.dlq",
            "module.lambda_data_fetcher.data.archive_file.lambda_zip",
            "module.lambda_layer.aws_lambda_layer_version.shared_layer",
            "module.lambda_layer.data.archive_file.layer_zip",
            "module.s3_storage.aws_s3_bucket.main",
            "module.s3_storage.random_string.suffix"
          ],
          "create_before_destroy": true
        }
      ]
    },
    {
      "module": "module.lambda_data_fetcher",
      "mode": "managed",
      "type": "aws_lambda_permission",
      "name": "allow_step_functions",
      "provider": "provider[\"registry.terraform.io/hashicorp/aws\"]",
      "instances": [
        {
          "schema_version": 0,
          "attributes": {
            "action": "lambda:InvokeFunction",
            "event_source_token": null,
            "function_name": "aws-ssm-fetcher-dev-data-fetcher",
            "function_url_auth_type": null,
            "id": "AllowExecutionFromStepFunctions",
            "principal": "states.amazonaws.com",
            "principal_org_id": null,
            "qualifier": "",
            "source_account": null,
            "source_arn": null,
            "statement_id": "AllowExecutionFromStepFunctions",
            "statement_id_prefix": ""
          },
          "sensitive_attributes": [],
          "identity_schema_version": 0,
          "private": "bnVsbA==",
          "dependencies": [
            "module.iam.aws_iam_role.lambda_execution",
            "module.lambda_data_fetcher.aws_cloudwatch_log_group.lambda_logs",
            "module.lambda_data_fetcher.aws_lambda_function.main",
            "module.lambda_data_fetcher.aws_sqs_queue.dlq",
            "module.lambda_data_fetcher.data.archive_file.lambda_zip",
            "module.lambda_layer.aws_lambda_layer_version.shared_layer",
            "module.lambda_layer.data.archive_file.layer_zip",
            "module.s3_storage.aws_s3_bucket.main",
            "module.s3_storage.random_string.suffix"
          ]
        }
      ]
    },
    {
      "module": "module.lambda_data_fetcher",
      "mode": "managed",
      "type": "aws_sqs_queue",
      "name": "dlq",
      "provider": "provider[\"registry.terraform.io/hashicorp/aws\"]",
      "instances": [
        {
          "schema_version": 0,
          "attributes": {
            "arn": "arn:aws:sqs:us-east-1:600424110307:aws-ssm-fetcher-dev-data-fetcher-dlq",
            "content_based_deduplication": false,
            "deduplication_scope": "",
            "delay_seconds": 0,
            "fifo_queue": false,
            "fifo_throughput_limit": "",
            "id": "https://sqs.us-east-1.amazonaws.com/600424110307/aws-ssm-fetcher-dev-data-fetcher-dlq",
            "kms_data_key_reuse_period_seconds": 300,
            "kms_master_key_id": "",
            "max_message_size": 262144,
            "message_retention_seconds": 1209600,
            "name": "aws-ssm-fetcher-dev-data-fetcher-dlq",
            "name_prefix": "",
            "policy": "",
            "receive_wait_time_seconds": 0,
            "redrive_allow_policy": "",
            "redrive_policy": "",
            "sqs_managed_sse_enabled": true,
            "tags": {
              "Environment": "dev",
              "ManagedBy": "terraform",
              "Name": "aws-ssm-fetcher-dev-data-fetcher-dlq",
              "Project": "aws-ssm-fetcher"
            },
            "tags_all": {
              "Environment": "dev",
              "ManagedBy": "terraform",
              "Name": "aws-ssm-fetcher-dev-data-fetcher-dlq",
              "Project": "aws-ssm-fetcher"
            },
            "timeouts": null,
            "url": "https://sqs.us-east-1.amazonaws.com/600424110307/aws-ssm-fetcher-dev-data-fetcher-dlq",
            "visibility_timeout_seconds": 5400
          },
          "sensitive_attributes": [],
          "identity_schema_version": 0,
          "private": "eyJlMmJmYjczMC1lY2FhLTExZTYtOGY4OC0zNDM2M2JjN2M0YzAiOnsiY3JlYXRlIjoxODAwMDAwMDAwMDAsImRlbGV0ZSI6MTgwMDAwMDAwMDAwLCJ1cGRhdGUiOjE4MDAwMDAwMDAwMH19",
          "create_before_destroy": true
        }
      ]
    },
    {
      "module": "module.lambda_layer",
      "mode": "data",
      "type": "archive_file",
      "name": "layer_zip",
      "provider": "provider[\"registry.terraform.io/hashicorp/archive\"]",
      "instances": [
        {
          "schema_version": 0,
          "attributes": {
            "exclude_symlink_directories": null,
            "excludes": null,
            "id": "580dbe24ccfc57686aa1444100d42ec724728721",
            "output_base64sha256": "Q0oTBhhkZSdaXk34h57e6VRiVMxwvPlreew8xz5uKt4=",
            "output_base64sha512": "+Rhd6AVLcbjXDWFNuEjebLYfD4IjKFR6tgUKaYqVDhY2E71v2fDuArkBNXwmyoJdiBulZk4palbxfmGpSgd0PA==",
            "output_file_mode": null,
            "output_md5": "3038bd391a227f0d9180c6a66c5f2352",
            "output_path": "/Users/johxan/Documents/my-projects/python/aws_serivce_lambda/terraform/../lambda_functions/shared_layer.zip",
            "output_sha": "580dbe24ccfc57686aa1444100d42ec724728721",
            "output_sha256": "434a1306186465275a5e4df8879edee9546254cc70bcf96b79ec3cc73e6e2ade",
            "output_sha512": "f9185de8054b71b8d70d614db848de6cb61f0f822328547ab6050a698a950e163613bd6fd9f0ee02b901357c26ca825d881ba5664e296a56f17e61a94a07743c",
            "output_size": 354714,
            "source": [],
            "source_content": null,
            "source_content_filename": null,
            "source_dir": "/Users/johxan/Documents/my-projects/python/aws_serivce_lambda/terraform/../lambda_functions/shared_layer",
            "source_file": null,
            "type": "zip"
          },
          "sensitive_attributes": [],
          "identity_schema_version": 0
        }
      ]
    },
    {
      "module": "module.lambda_layer",
      "mode": "managed",
      "type": "aws_lambda_layer_version",
      "name": "shared_layer",
      "provider": "provider[\"registry.terraform.io/hashicorp/aws\"]",
      "instances": [
        {
          "schema_version": 0,
          "attributes": {
            "arn": "arn:aws:lambda:us-east-1:600424110307:layer:aws-ssm-fetcher-dev-shared-layer:1",
            "code_sha256": "Q0oTBhhkZSdaXk34h57e6VRiVMxwvPlreew8xz5uKt4=",
            "compatible_architectures": [
              "x86_64"
            ],
            "compatible_runtimes": [
              "python3.11"
            ],
            "created_date": "2025-09-08T00:46:52.916+0000",
            "description": "Shared modules for aws-ssm-fetcher Lambda functions",
            "filename": "./../lambda_functions/shared_layer.zip",
            "id": "arn:aws:lambda:us-east-1:600424110307:layer:aws-ssm-fetcher-dev-shared-layer:1",
            "layer_arn": "arn:aws:lambda:us-east-1:600424110307:layer:aws-ssm-fetcher-dev-shared-layer",
            "layer_name": "aws-ssm-fetcher-dev-shared-layer",
            "license_info": "",
            "s3_bucket": null,
            "s3_key": null,
            "s3_object_version": null,
            "signing_job_arn": "",
            "signing_profile_version_arn": "",
            "skip_destroy": false,
            "source_code_hash": "Q0oTBhhkZSdaXk34h57e6VRiVMxwvPlreew8xz5uKt4=",
            "source_code_size": 354714,
            "version": "1"
          },
          "sensitive_attributes": [],
          "identity_schema_version": 0,
          "private": "bnVsbA==",
          "dependencies": [
            "module.lambda_layer.data.archive_file.layer_zip"
          ],
          "create_before_destroy": true
        }
      ]
    },
    {
      "module": "module.lambda_processor",
      "mode": "data",
      "type": "archive_file",
      "name": "lambda_zip",
      "provider": "provider[\"registry.terraform.io/hashicorp/archive\"]",
      "instances": [
        {
          "schema_version": 0,
          "attributes": {
            "exclude_symlink_directories": null,
            "excludes": [
              "*.pyc",
              ".pytest_cache",
              "__pycache__",
              "tests"
            ],
            "id": "190ce2f310d5aa5537ccf0eb47e4ea75f0204d62",
            "output_base64sha256": "xqz5x8Ex2qABcfOo6xNdmKMtzW3/EiFnQFfJliOvWNg=",
            "output_base64sha512": "WbW8xASn33x21599hwY7h0Oxn/6BKGj5Ba3raNFgrz9wSdMz7YzoAZH4t4UbCKe4GPgsgFVjSZ4PRl39CsKZKA==",
            "output_file_mode": null,
            "output_md5": "4b8a14b453ac67e9edc77a5e922155ba",
            "output_path": "../lambda_functions/processor.zip",
            "output_sha": "190ce2f310d5aa5537ccf0eb47e4ea75f0204d62",
            "output_sha256": "c6acf9c7c131daa00171f3a8eb135d98a32dcd6dff1221674057c99623af58d8",
            "output_sha512": "59b5bcc404a7df7c76d79f7d87063b8743b19ffe812868f905adeb68d160af3f7049d333ed8ce80191f8b7851b08a7b818f82c805563499e0f465dfd0ac29928",
            "output_size": 50654588,
            "source": [],
            "source_content": null,
            "source_content_filename": null,
            "source_dir": "../lambda_functions/processor",
            "source_file": null,
            "type": "zip"
          },
          "sensitive_attributes": [],
          "identity_schema_version": 0
        }
      ]
    },
    {
      "module": "module.lambda_processor",
      "mode": "managed",
      "type": "aws_cloudwatch_log_group",
      "name": "lambda_logs",
      "provider": "provider[\"registry.terraform.io/hashicorp/aws\"]",
      "instances": [
        {
          "schema_version": 0,
          "attributes": {
            "arn": "arn:aws:logs:us-east-1:600424110307:log-group:/aws/lambda/aws-ssm-fetcher-dev-processor",
            "id": "/aws/lambda/aws-ssm-fetcher-dev-processor",
            "kms_key_id": "",
            "log_group_class": "STANDARD",
            "name": "/aws/lambda/aws-ssm-fetcher-dev-processor",
            "name_prefix": "",
            "retention_in_days": 14,
            "skip_destroy": false,
            "tags": {
              "Environment": "dev",
              "ManagedBy": "terraform",
              "Name": "aws-ssm-fetcher-dev-processor-logs",
              "Project": "aws-ssm-fetcher"
            },
            "tags_all": {
              "Environment": "dev",
              "ManagedBy": "terraform",
              "Name": "aws-ssm-fetcher-dev-processor-logs",
              "Project": "aws-ssm-fetcher"
            }
          },
          "sensitive_attributes": [],
          "identity_schema_version": 0,
          "private": "bnVsbA==",
          "create_before_destroy": true
        }
      ]
    },
    {
      "module": "module.lambda_processor",
      "mode": "managed",
      "type": "aws_lambda_alias",
      "name": "main",
      "provider": "provider[\"registry.terraform.io/hashicorp/aws\"]",
      "instances": [
        {
          "schema_version": 0,
          "attributes": {
            "arn": "arn:aws:lambda:us-east-1:600424110307:function:aws-ssm-fetcher-dev-processor:dev",
            "description": "Alias for dev environment",
            "function_name": "aws-ssm-fetcher-dev-processor",
            "function_version": "$LATEST",
            "id": "arn:aws:lambda:us-east-1:600424110307:function:aws-ssm-fetcher-dev-processor:dev",
            "invoke_arn": "arn:aws:apigateway:us-east-1:lambda:path/2015-03-31/functions/arn:aws:lambda:us-east-1:600424110307:function:aws-ssm-fetcher-dev-processor:dev/invocations",
            "name": "dev",
            "routing_config": []
          },
          "sensitive_attributes": [],
          "identity_schema_version": 0,
          "private": "bnVsbA==",
          "dependencies": [
            "module.iam.aws_iam_role.lambda_execution",
            "module.lambda_layer.aws_lambda_layer_version.shared_layer",
            "module.lambda_layer.data.archive_file.layer_zip",
            "module.lambda_processor.aws_cloudwatch_log_group.lambda_logs",
            "module.lambda_processor.aws_lambda_function.main",
            "module.lambda_processor.aws_sqs_queue.dlq",
            "module.lambda_processor.data.archive_file.lambda_zip",
            "module.s3_storage.aws_s3_bucket.main",
            "module.s3_storage.random_string.suffix"
          ]
        }
      ]
    },
    {
      "module": "module.lambda_processor",
      "mode": "managed",
      "type": "aws_lambda_function",
      "name": "main",
      "provider": "provider[\"registry.terraform.io/hashicorp/aws\"]",
      "instances": [
        {
          "schema_version": 0,
          "attributes": {
            "architectures": [
              "x86_64"
            ],
            "arn": "arn:aws:lambda:us-east-1:600424110307:function:aws-ssm-fetcher-dev-processor",
            "code_sha256": "xqz5x8Ex2qABcfOo6xNdmKMtzW3/EiFnQFfJliOvWNg=",
            "code_signing_config_arn": "",
            "dead_letter_config": [
              {
                "target_arn": "arn:aws:sqs:us-east-1:600424110307:aws-ssm-fetcher-dev-processor-dlq"
              }
            ],
            "description": "",
            "environment": [
              {
                "variables": {
                  "CACHE_PREFIX": "cache",
                  "ENVIRONMENT": "dev",
                  "LOG_LEVEL": "DEBUG",
                  "S3_BUCKET": "aws-ssm-fetcher-dev-mwik8mc3"
                }
              }
            ],
            "ephemeral_storage": [
              {
                "size": 512
              }
            ],
            "file_system_config": [],
            "filename": "../lambda_functions/processor.zip",
            "function_name": "aws-ssm-fetcher-dev-processor",
            "handler": "lambda_function.lambda_handler",
            "id": "aws-ssm-fetcher-dev-processor",
            "image_config": [],
            "image_uri": "",
            "invoke_arn": "arn:aws:apigateway:us-east-1:lambda:path/2015-03-31/functions/arn:aws:lambda:us-east-1:600424110307:function:aws-ssm-fetcher-dev-processor/invocations",
            "kms_key_arn": "",
            "last_modified": "2025-09-08T01:14:14.518+0000",
            "layers": [
              "arn:aws:lambda:us-east-1:600424110307:layer:aws-ssm-fetcher-dev-shared-layer:1"
            ],
            "logging_config": [
              {
                "application_log_level": "",
                "log_format": "Text",
                "log_group": "/aws/lambda/aws-ssm-fetcher-dev-processor",
                "system_log_level": ""
              }
            ],
            "memory_size": 3008,
            "package_type": "Zip",
            "publish": false,
            "qualified_arn": "arn:aws:lambda:us-east-1:600424110307:function:aws-ssm-fetcher-dev-processor:$LATEST",
            "qualified_invoke_arn": "arn:aws:apigateway:us-east-1:lambda:path/2015-03-31/functions/arn:aws:lambda:us-east-1:600424110307:function:aws-ssm-fetcher-dev-processor:$LATEST/invocations",
            "replace_security_groups_on_destroy": null,
            "replacement_security_group_ids": null,
            "reserved_concurrent_executions": -1,
            "role": "arn:aws:iam::600424110307:role/aws-ssm-fetcher-dev-lambda-execution-role",
            "runtime": "python3.11",
            "s3_bucket": null,
            "s3_key": null,
            "s3_object_version": null,
            "signing_job_arn": "",
            "signing_profile_version_arn": "",
            "skip_destroy": false,
            "snap_start": [],
            "source_code_hash": "xqz5x8Ex2qABcfOo6xNdmKMtzW3/EiFnQFfJliOvWNg=",
            "source_code_size": 50654588,
            "tags": {
              "Environment": "dev",
              "ManagedBy": "terraform",
              "Name": "aws-ssm-fetcher-dev-processor",
              "Project": "aws-ssm-fetcher"
            },
            "tags_all": {
              "Environment": "dev",
              "ManagedBy": "terraform",
              "Name": "aws-ssm-fetcher-dev-processor",
              "Project": "aws-ssm-fetcher"
            },
            "timeout": 900,
            "timeouts": null,
            "tracing_config": [
              {
                "mode": "PassThrough"
              }
            ],
            "version": "$LATEST",
            "vpc_config": []
          },
          "sensitive_attributes": [],
          "identity_schema_version": 0,
          "private": "eyJlMmJmYjczMC1lY2FhLTExZTYtOGY4OC0zNDM2M2JjN2M0YzAiOnsiY3JlYXRlIjo2MDAwMDAwMDAwMDAsImRlbGV0ZSI6NjAwMDAwMDAwMDAwLCJ1cGRhdGUiOjYwMDAwMDAwMDAwMH19",
          "dependencies": [
            "module.iam.aws_iam_role.lambda_execution",
            "module.lambda_layer.aws_lambda_layer_version.shared_layer",
            "module.lambda_layer.data.archive_file.layer_zip",
            "module.lambda_processor.aws_cloudwatch_log_group.lambda_logs",
            "module.lambda_processor.aws_sqs_queue.dlq",
            "module.lambda_processor.data.archive_file.lambda_zip",
            "module.s3_storage.aws_s3_bucket.main",
            "module.s3_storage.random_string.suffix"
          ],
          "create_before_destroy": true
        }
      ]
    },
    {
      "module": "module.lambda_processor",
      "mode": "managed",
      "type": "aws_lambda_permission",
      "name": "allow_step_functions",
      "provider": "provider[\"registry.terraform.io/hashicorp/aws\"]",
      "instances": [
        {
          "schema_version": 0,
          "attributes": {
            "action": "lambda:InvokeFunction",
            "event_source_token": null,
            "function_name": "aws-ssm-fetcher-dev-processor",
            "function_url_auth_type": null,
            "id": "AllowExecutionFromStepFunctions",
            "principal": "states.amazonaws.com",
            "principal_org_id": null,
            "qualifier": "",
            "source_account": null,
            "source_arn": null,
            "statement_id": "AllowExecutionFromStepFunctions",
            "statement_id_prefix": ""
          },
          "sensitive_attributes": [],
          "identity_schema_version": 0,
          "private": "bnVsbA==",
          "dependencies": [
            "module.iam.aws_iam_role.lambda_execution",
            "module.lambda_layer.aws_lambda_layer_version.shared_layer",
            "module.lambda_layer.data.archive_file.layer_zip",
            "module.lambda_processor.aws_cloudwatch_log_group.lambda_logs",
            "module.lambda_processor.aws_lambda_function.main",
            "module.lambda_processor.aws_sqs_queue.dlq",
            "module.lambda_processor.data.archive_file.lambda_zip",
            "module.s3_storage.aws_s3_bucket.main",
            "module.s3_storage.random_string.suffix"
          ]
        }
      ]
    },
    {
      "module": "module.lambda_processor",
      "mode": "managed",
      "type": "aws_sqs_queue",
      "name": "dlq",
      "provider": "provider[\"registry.terraform.io/hashicorp/aws\"]",
      "instances": [
        {
          "schema_version": 0,
          "attributes": {
            "arn": "arn:aws:sqs:us-east-1:600424110307:aws-ssm-fetcher-dev-processor-dlq",
            "content_based_deduplication": false,
            "deduplication_scope": "",
            "delay_seconds": 0,
            "fifo_queue": false,
            "fifo_throughput_limit": "",
            "id": "https://sqs.us-east-1.amazonaws.com/600424110307/aws-ssm-fetcher-dev-processor-dlq",
            "kms_data_key_reuse_period_seconds": 300,
            "kms_master_key_id": "",
            "max_message_size": 262144,
            "message_retention_seconds": 1209600,
            "name": "aws-ssm-fetcher-dev-processor-dlq",
            "name_prefix": "",
            "policy": "",
            "receive_wait_time_seconds": 0,
            "redrive_allow_policy": "",
            "redrive_policy": "",
            "sqs_managed_sse_enabled": true,
            "tags": {
              "Environment": "dev",
              "ManagedBy": "terraform",
              "Name": "aws-ssm-fetcher-dev-processor-dlq",
              "Project": "aws-ssm-fetcher"
            },
            "tags_all": {
              "Environment": "dev",
              "ManagedBy": "terraform",
              "Name": "aws-ssm-fetcher-dev-processor-dlq",
              "Project": "aws-ssm-fetcher"
            },
            "timeouts": null,
            "url": "https://sqs.us-east-1.amazonaws.com/600424110307/aws-ssm-fetcher-dev-processor-dlq",
            "visibility_timeout_seconds": 5400
          },
          "sensitive_attributes": [],
          "identity_schema_version": 0,
          "private": "eyJlMmJmYjczMC1lY2FhLTExZTYtOGY4OC0zNDM2M2JjN2M0YzAiOnsiY3JlYXRlIjoxODAwMDAwMDAwMDAsImRlbGV0ZSI6MTgwMDAwMDAwMDAwLCJ1cGRhdGUiOjE4MDAwMDAwMDAwMH19",
          "create_before_destroy": true
        }
      ]
    },
    {
      "module": "module.lambda_report_generator",
      "mode": "data",
      "type": "archive_file",
      "name": "lambda_zip",
      "provider": "provider[\"registry.terraform.io/hashicorp/archive\"]",
      "instances": [
        {
          "schema_version": 0,
          "attributes": {
            "exclude_symlink_directories": null,
            "excludes": [
              "*.pyc",
              ".pytest_cache",
              "__pycache__",
              "tests"
            ],
            "id": "dad40c3eb7c2b6d4183a30498e8bd01144b24c9f",
            "output_base64sha256": "BoDyDmFUYo0ePM86CNX4EGqD8pbC02eFfHd2bOrMQmM=",
            "output_base64sha512": "/190m2Gho2nhnwoEahajRp37nLBPVUe6TNAbR2d0exK/IVNXUpuA4fT37IlS+nI/nuJIZjRS0+EFowXZXG+vFA==",
            "output_file_mode": null,
            "output_md5": "3240e14cd1a26e134c3c6dc79ab2a353",
            "output_path": "../lambda_functions/report_generator.zip",
            "output_sha": "dad40c3eb7c2b6d4183a30498e8bd01144b24c9f",
            "output_sha256": "0680f20e6154628d1e3ccf3a08d5f8106a83f296c2d367857c77766ceacc4263",
            "output_sha512": "ff5f749b61a1a369e19f0a046a16a3469dfb9cb04f5547ba4cd01b4767747b12bf215357529b80e1f4f7ec8952fa723f9ee248663452d3e105a305d95c6faf14",
            "output_size": 16350651,
            "source": [],
            "source_content": null,
            "source_content_filename": null,
            "source_dir": "../lambda_functions/report_generator",
            "source_file": null,
            "type": "zip"
          },
          "sensitive_attributes": [],
          "identity_schema_version": 0
        }
      ]
    },
    {
      "module": "module.lambda_report_generator",
      "mode": "managed",
      "type": "aws_cloudwatch_log_group",
      "name": "lambda_logs",
      "provider": "provider[\"registry.terraform.io/hashicorp/aws\"]",
      "instances": [
        {
          "schema_version": 0,
          "attributes": {
            "arn": "arn:aws:logs:us-east-1:600424110307:log-group:/aws/lambda/aws-ssm-fetcher-dev-report-generator",
            "id": "/aws/lambda/aws-ssm-fetcher-dev-report-generator",
            "kms_key_id": "",
            "log_group_class": "STANDARD",
            "name": "/aws/lambda/aws-ssm-fetcher-dev-report-generator",
            "name_prefix": "",
            "retention_in_days": 14,
            "skip_destroy": false,
            "tags": {
              "Environment": "dev",
              "ManagedBy": "terraform",
              "Name": "aws-ssm-fetcher-dev-report-generator-logs",
              "Project": "aws-ssm-fetcher"
            },
            "tags_all": {
              "Environment": "dev",
              "ManagedBy": "terraform",
              "Name": "aws-ssm-fetcher-dev-report-generator-logs",
              "Project": "aws-ssm-fetcher"
            }
          },
          "sensitive_attributes": [],
          "identity_schema_version": 0,
          "private": "bnVsbA==",
          "create_before_destroy": true
        }
      ]
    },
    {
      "module": "module.lambda_report_generator",
      "mode": "managed",
      "type": "aws_lambda_alias",
      "name": "main",
      "provider": "provider[\"registry.terraform.io/hashicorp/aws\"]",
      "instances": [
        {
          "schema_version": 0,
          "attributes": {
            "arn": "arn:aws:lambda:us-east-1:600424110307:function:aws-ssm-fetcher-dev-report-generator:dev",
            "description": "Alias for dev environment",
            "function_name": "aws-ssm-fetcher-dev-report-generator",
            "function_version": "$LATEST",
            "id": "arn:aws:lambda:us-east-1:600424110307:function:aws-ssm-fetcher-dev-report-generator:dev",
            "invoke_arn": "arn:aws:apigateway:us-east-1:lambda:path/2015-03-31/functions/arn:aws:lambda:us-east-1:600424110307:function:aws-ssm-fetcher-dev-report-generator:dev/invocations",
            "name": "dev",
            "routing_config": []
          },
          "sensitive_attributes": [],
          "identity_schema_version": 0,
          "private": "bnVsbA==",
          "dependencies": [
            "module.iam.aws_iam_role.lambda_execution",
            "module.lambda_layer.aws_lambda_layer_version.shared_layer",
            "module.lambda_layer.data.archive_file.layer_zip",
            "module.lambda_report_generator.aws_cloudwatch_log_group.lambda_logs",
            "module.lambda_report_generator.aws_lambda_function.main",
            "module.lambda_report_generator.aws_sqs_queue.dlq",
            "module.lambda_report_generator.data.archive_file.lambda_zip",
            "module.s3_storage.aws_s3_bucket.main",
            "module.s3_storage.random_string.suffix"
          ]
        }
      ]
    },
    {
      "module": "module.lambda_report_generator",
      "mode": "managed",
      "type": "aws_lambda_function",
      "name": "main",
      "provider": "provider[\"registry.terraform.io/hashicorp/aws\"]",
      "instances": [
        {
          "schema_version": 0,
          "attributes": {
            "architectures": [
              "x86_64"
            ],
            "arn": "arn:aws:lambda:us-east-1:600424110307:function:aws-ssm-fetcher-dev-report-generator",
            "code_sha256": "BoDyDmFUYo0ePM86CNX4EGqD8pbC02eFfHd2bOrMQmM=",
            "code_signing_config_arn": "",
            "dead_letter_config": [
              {
                "target_arn": "arn:aws:sqs:us-east-1:600424110307:aws-ssm-fetcher-dev-report-generator-dlq"
              }
            ],
            "description": "",
            "environment": [
              {
                "variables": {
                  "ENVIRONMENT": "dev",
                  "LOG_LEVEL": "DEBUG",
                  "OUTPUT_PREFIX": "reports",
                  "S3_BUCKET": "aws-ssm-fetcher-dev-mwik8mc3"
                }
              }
            ],
            "ephemeral_storage": [
              {
                "size": 512
              }
            ],
            "file_system_config": [],
            "filename": "../lambda_functions/report_generator.zip",
            "function_name": "aws-ssm-fetcher-dev-report-generator",
            "handler": "lambda_function.lambda_handler",
            "id": "aws-ssm-fetcher-dev-report-generator",
            "image_config": [],
            "image_uri": "",
            "invoke_arn": "arn:aws:apigateway:us-east-1:lambda:path/2015-03-31/functions/arn:aws:lambda:us-east-1:600424110307:function:aws-ssm-fetcher-dev-report-generator/invocations",
            "kms_key_arn": "",
            "last_modified": "2025-09-08T01:14:33.984+0000",
            "layers": [
              "arn:aws:lambda:us-east-1:600424110307:layer:aws-ssm-fetcher-dev-shared-layer:1"
            ],
            "logging_config": [
              {
                "application_log_level": "",
                "log_format": "Text",
                "log_group": "/aws/lambda/aws-ssm-fetcher-dev-report-generator",
                "system_log_level": ""
              }
            ],
            "memory_size": 2048,
            "package_type": "Zip",
            "publish": false,
            "qualified_arn": "arn:aws:lambda:us-east-1:600424110307:function:aws-ssm-fetcher-dev-report-generator:$LATEST",
            "qualified_invoke_arn": "arn:aws:apigateway:us-east-1:lambda:path/2015-03-31/functions/arn:aws:lambda:us-east-1:600424110307:function:aws-ssm-fetcher-dev-report-generator:$LATEST/invocations",
            "replace_security_groups_on_destroy": null,
            "replacement_security_group_ids": null,
            "reserved_concurrent_executions": -1,
            "role": "arn:aws:iam::600424110307:role/aws-ssm-fetcher-dev-lambda-execution-role",
            "runtime": "python3.11",
            "s3_bucket": null,
            "s3_key": null,
            "s3_object_version": null,
            "signing_job_arn": "",
            "signing_profile_version_arn": "",
            "skip_destroy": false,
            "snap_start": [],
            "source_code_hash": "BoDyDmFUYo0ePM86CNX4EGqD8pbC02eFfHd2bOrMQmM=",
            "source_code_size": 16350651,
            "tags": {
              "Environment": "dev",
              "ManagedBy": "terraform",
              "Name": "aws-ssm-fetcher-dev-report-generator",
              "Project": "aws-ssm-fetcher"
            },
            "tags_all": {
              "Environment": "dev",
              "ManagedBy": "terraform",
              "Name": "aws-ssm-fetcher-dev-report-generator",
              "Project": "aws-ssm-fetcher"
            },
            "timeout": 600,
            "timeouts": null,
            "tracing_config": [
              {
                "mode": "PassThrough"
              }
            ],
            "version": "$LATEST",
            "vpc_config": []
          },
          "sensitive_attributes": [],
          "identity_schema_version": 0,
          "private": "eyJlMmJmYjczMC1lY2FhLTExZTYtOGY4OC0zNDM2M2JjN2M0YzAiOnsiY3JlYXRlIjo2MDAwMDAwMDAwMDAsImRlbGV0ZSI6NjAwMDAwMDAwMDAwLCJ1cGRhdGUiOjYwMDAwMDAwMDAwMH19",
          "dependencies": [
            "module.iam.aws_iam_role.lambda_execution",
            "module.lambda_layer.aws_lambda_layer_version.shared_layer",
            "module.lambda_layer.data.archive_file.layer_zip",
            "module.lambda_report_generator.aws_cloudwatch_log_group.lambda_logs",
            "module.lambda_report_generator.aws_sqs_queue.dlq",
            "module.lambda_report_generator.data.archive_file.lambda_zip",
            "module.s3_storage.aws_s3_bucket.main",
            "module.s3_storage.random_string.suffix"
          ],
          "create_before_destroy": true
        }
      ]
    },
    {
      "module": "module.lambda_report_generator",
      "mode": "managed",
      "type": "aws_lambda_permission",
      "name": "allow_step_functions",
      "provider": "provider[\"registry.terraform.io/hashicorp/aws\"]",
      "instances": [
        {
          "schema_version": 0,
          "attributes": {
            "action": "lambda:InvokeFunction",
            "event_source_token": null,
            "function_name": "aws-ssm-fetcher-dev-report-generator",
            "function_url_auth_type": null,
            "id": "AllowExecutionFromStepFunctions",
            "principal": "states.amazonaws.com",
            "principal_org_id": null,
            "qualifier": "",
            "source_account": null,
            "source_arn": null,
            "statement_id": "AllowExecutionFromStepFunctions",
            "statement_id_prefix": ""
          },
          "sensitive_attributes": [],
          "identity_schema_version": 0,
          "private": "bnVsbA==",
          "dependencies": [
            "module.iam.aws_iam_role.lambda_execution",
            "module.lambda_layer.aws_lambda_layer_version.shared_layer",
            "module.lambda_layer.data.archive_file.layer_zip",
            "module.lambda_report_generator.aws_cloudwatch_log_group.lambda_logs",
            "module.lambda_report_generator.aws_lambda_function.main",
            "module.lambda_report_generator.aws_sqs_queue.dlq",
            "module.lambda_report_generator.data.archive_file.lambda_zip",
            "module.s3_storage.aws_s3_bucket.main",
            "module.s3_storage.random_string.suffix"
          ]
        }
      ]
    },
    {
      "module": "module.lambda_report_generator",
      "mode": "managed",
      "type": "aws_sqs_queue",
      "name": "dlq",
      "provider": "provider[\"registry.terraform.io/hashicorp/aws\"]",
      "instances": [
        {
          "schema_version": 0,
          "attributes": {
            "arn": "arn:aws:sqs:us-east-1:600424110307:aws-ssm-fetcher-dev-report-generator-dlq",
            "content_based_deduplication": false,
            "deduplication_scope": "",
            "delay_seconds": 0,
            "fifo_queue": false,
            "fifo_throughput_limit": "",
            "id": "https://sqs.us-east-1.amazonaws.com/600424110307/aws-ssm-fetcher-dev-report-generator-dlq",
            "kms_data_key_reuse_period_seconds": 300,
            "kms_master_key_id": "",
            "max_message_size": 262144,
            "message_retention_seconds": 1209600,
            "name": "aws-ssm-fetcher-dev-report-generator-dlq",
            "name_prefix": "",
            "policy": "",
            "receive_wait_time_seconds": 0,
            "redrive_allow_policy": "",
            "redrive_policy": "",
            "sqs_managed_sse_enabled": true,
            "tags": {
              "Environment": "dev",
              "ManagedBy": "terraform",
              "Name": "aws-ssm-fetcher-dev-report-generator-dlq",
              "Project": "aws-ssm-fetcher"
            },
            "tags_all": {
              "Environment": "dev",
              "ManagedBy": "terraform",
              "Name": "aws-ssm-fetcher-dev-report-generator-dlq",
              "Project": "aws-ssm-fetcher"
            },
            "timeouts": null,
            "url": "https://sqs.us-east-1.amazonaws.com/600424110307/aws-ssm-fetcher-dev-report-generator-dlq",
            "visibility_timeout_seconds": 3600
          },
          "sensitive_attributes": [],
          "identity_schema_version": 0,
          "private": "eyJlMmJmYjczMC1lY2FhLTExZTYtOGY4OC0zNDM2M2JjN2M0YzAiOnsiY3JlYXRlIjoxODAwMDAwMDAwMDAsImRlbGV0ZSI6MTgwMDAwMDAwMDAwLCJ1cGRhdGUiOjE4MDAwMDAwMDAwMH19",
          "create_before_destroy": true
        }
      ]
    },
    {
      "module": "module.s3_storage",
      "mode": "managed",
      "type": "aws_s3_bucket",
      "name": "main",
      "provider": "provider[\"registry.terraform.io/hashicorp/aws\"]",
      "instances": [
        {
          "schema_version": 0,
          "attributes": {
            "acceleration_status": "",
            "acl": null,
            "arn": "arn:aws:s3:::aws-ssm-fetcher-dev-mwik8mc3",
            "bucket": "aws-ssm-fetcher-dev-mwik8mc3",
            "bucket_domain_name": "aws-ssm-fetcher-dev-mwik8mc3.s3.amazonaws.com",
            "bucket_prefix": "",
            "bucket_regional_domain_name": "aws-ssm-fetcher-dev-mwik8mc3.s3.us-east-1.amazonaws.com",
            "cors_rule": [],
            "force_destroy": false,
            "grant": [
              {
                "id": "7c8dfc96fab756b47bee603c3d766ac8453ee7d87dc9175d8b1d3aac40ef5796",
                "permissions": [
                  "FULL_CONTROL"
                ],
                "type": "CanonicalUser",
                "uri": ""
              }
            ],
            "hosted_zone_id": "Z3AQBSTGFYJSTF",
            "id": "aws-ssm-fetcher-dev-mwik8mc3",
            "lifecycle_rule": [],
            "logging": [],
            "object_lock_configuration": [],
            "object_lock_enabled": false,
            "policy": "",
            "region": "us-east-1",
            "replication_configuration": [],
            "request_payer": "BucketOwner",
            "server_side_encryption_configuration": [
              {
                "rule": [
                  {
                    "apply_server_side_encryption_by_default": [
                      {
                        "kms_master_key_id": "",
                        "sse_algorithm": "AES256"
                      }
                    ],
                    "bucket_key_enabled": true
                  }
                ]
              }
            ],
            "tags": {
              "Environment": "dev",
              "ManagedBy": "terraform",
              "Name": "aws-ssm-fetcher-dev-bucket",
              "Project": "aws-ssm-fetcher"
            },
            "tags_all": {
              "Environment": "dev",
              "ManagedBy": "terraform",
              "Name": "aws-ssm-fetcher-dev-bucket",
              "Project": "aws-ssm-fetcher"
            },
            "timeouts": null,
            "versioning": [
              {
                "enabled": true,
                "mfa_delete": false
              }
            ],
            "website": [],
            "website_domain": null,
            "website_endpoint": null
          },
          "sensitive_attributes": [],
          "identity_schema_version": 0,
          "private": "eyJlMmJmYjczMC1lY2FhLTExZTYtOGY4OC0zNDM2M2JjN2M0YzAiOnsiY3JlYXRlIjoxMjAwMDAwMDAwMDAwLCJkZWxldGUiOjM2MDAwMDAwMDAwMDAsInJlYWQiOjEyMDAwMDAwMDAwMDAsInVwZGF0ZSI6MTIwMDAwMDAwMDAwMH19",
          "dependencies": [
            "module.s3_storage.random_string.suffix"
          ],
          "create_before_destroy": true
        }
      ]
    },
    {
      "module": "module.s3_storage",
      "mode": "managed",
      "type": "aws_s3_bucket_notification",
      "name": "main",
      "provider": "provider[\"registry.terraform.io/hashicorp/aws\"]",
      "instances": [
        {
          "schema_version": 0,
          "attributes": {
            "bucket": "aws-ssm-fetcher-dev-mwik8mc3",
            "eventbridge": false,
            "id": "aws-ssm-fetcher-dev-mwik8mc3",
            "lambda_function": [],
            "queue": [],
            "topic": []
          },
          "sensitive_attributes": [],
          "identity_schema_version": 0,
          "private": "bnVsbA==",
          "dependencies": [
            "module.s3_storage.aws_s3_bucket.main",
            "module.s3_storage.random_string.suffix"
          ]
        }
      ]
    },
    {
      "module": "module.s3_storage",
      "mode": "managed",
      "type": "aws_s3_bucket_public_access_block",
      "name": "main",
      "provider": "provider[\"registry.terraform.io/hashicorp/aws\"]",
      "instances": [
        {
          "schema_version": 0,
          "attributes": {
            "block_public_acls": true,
            "block_public_policy": true,
            "bucket": "aws-ssm-fetcher-dev-mwik8mc3",
            "id": "aws-ssm-fetcher-dev-mwik8mc3",
            "ignore_public_acls": true,
            "restrict_public_buckets": true
          },
          "sensitive_attributes": [],
          "identity_schema_version": 0,
          "private": "bnVsbA==",
          "dependencies": [
            "module.s3_storage.aws_s3_bucket.main",
            "module.s3_storage.random_string.suffix"
          ]
        }
      ]
    },
    {
      "module": "module.s3_storage",
      "mode": "managed",
      "type": "aws_s3_bucket_server_side_encryption_configuration",
      "name": "main",
      "provider": "provider[\"registry.terraform.io/hashicorp/aws\"]",
      "instances": [
        {
          "schema_version": 0,
          "attributes": {
            "bucket": "aws-ssm-fetcher-dev-mwik8mc3",
            "expected_bucket_owner": "",
            "id": "aws-ssm-fetcher-dev-mwik8mc3",
            "rule": [
              {
                "apply_server_side_encryption_by_default": [
                  {
                    "kms_master_key_id": "",
                    "sse_algorithm": "AES256"
                  }
                ],
                "bucket_key_enabled": true
              }
            ]
          },
          "sensitive_attributes": [],
          "identity_schema_version": 0,
          "private": "bnVsbA==",
          "dependencies": [
            "module.s3_storage.aws_s3_bucket.main",
            "module.s3_storage.random_string.suffix"
          ]
        }
      ]
    },
    {
      "module": "module.s3_storage",
      "mode": "managed",
      "type": "aws_s3_bucket_versioning",
      "name": "main",
      "provider": "provider[\"registry.terraform.io/hashicorp/aws\"]",
      "instances": [
        {
          "schema_version": 0,
          "attributes": {
            "bucket": "aws-ssm-fetcher-dev-mwik8mc3",
            "expected_bucket_owner": "",
            "id": "aws-ssm-fetcher-dev-mwik8mc3",
            "mfa": null,
            "versioning_configuration": [
              {
                "mfa_delete": "",
                "status": "Enabled"
              }
            ]
          },
          "sensitive_attributes": [],
          "identity_schema_version": 0,
          "private": "bnVsbA==",
          "dependencies": [
            "module.s3_storage.aws_s3_bucket.main",
            "module.s3_storage.random_string.suffix"
          ]
        }
      ]
    },
    {
      "module": "module.s3_storage",
      "mode": "managed",
      "type": "random_string",
      "name": "suffix",
      "provider": "provider[\"registry.terraform.io/hashicorp/random\"]",
      "instances": [
        {
          "schema_version": 2,
          "attributes": {
            "id": "mwik8mc3",
            "keepers": null,
            "length": 8,
            "lower": true,
            "min_lower": 0,
            "min_numeric": 0,
            "min_special": 0,
            "min_upper": 0,
            "number": true,
            "numeric": true,
            "override_special": null,
            "result": "mwik8mc3",
            "special": false,
            "upper": false
          },
          "sensitive_attributes": [],
          "identity_schema_version": 0,
          "create_before_destroy": true
        }
      ]
    },
    {
      "module": "module.step_functions",
      "mode": "data",
      "type": "aws_caller_identity",
      "name": "current",
      "provider": "provider[\"registry.terraform.io/hashicorp/aws\"]",
      "instances": [
        {
          "schema_version": 0,
          "attributes": {
            "account_id": "600424110307",
            "arn": "arn:aws:iam::600424110307:user/johxan",
            "id": "600424110307",
            "user_id": "AIDAYXTAQ3DRVS6XPWPSG"
          },
          "sensitive_attributes": [],
          "identity_schema_version": 0
        }
      ]
    },
    {
      "module": "module.step_functions",
      "mode": "managed",
      "type": "aws_cloudwatch_event_rule",
      "name": "schedule",
      "provider": "provider[\"registry.terraform.io/hashicorp/aws\"]",
      "instances": []
    },
    {
      "module": "module.step_functions",
      "mode": "managed",
      "type": "aws_cloudwatch_event_target",
      "name": "step_function",
      "provider": "provider[\"registry.terraform.io/hashicorp/aws\"]",
      "instances": []
    },
    {
      "module": "module.step_functions",
      "mode": "managed",
      "type": "aws_cloudwatch_log_group",
      "name": "step_functions_logs",
      "provider": "provider[\"registry.terraform.io/hashicorp/aws\"]",
      "instances": [
        {
          "schema_version": 0,
          "attributes": {
            "arn": "arn:aws:logs:us-east-1:600424110307:log-group:/aws/stepfunctions/aws-ssm-fetcher-dev-pipeline",
            "id": "/aws/stepfunctions/aws-ssm-fetcher-dev-pipeline",
            "kms_key_id": "",
            "log_group_class": "STANDARD",
            "name": "/aws/stepfunctions/aws-ssm-fetcher-dev-pipeline",
            "name_prefix": "",
            "retention_in_days": 14,
            "skip_destroy": false,
            "tags": {
              "Environment": "dev",
              "ManagedBy": "terraform",
              "Name": "aws-ssm-fetcher-dev-step-functions-logs",
              "Project": "aws-ssm-fetcher"
            },
            "tags_all": {
              "Environment": "dev",
              "ManagedBy": "terraform",
              "Name": "aws-ssm-fetcher-dev-step-functions-logs",
              "Project": "aws-ssm-fetcher"
            }
          },
          "sensitive_attributes": [],
          "identity_schema_version": 0,
          "private": "bnVsbA=="
        }
      ]
    },
    {
      "module": "module.step_functions",
      "mode": "managed",
      "type": "aws_sfn_state_machine",
      "name": "main",
      "provider": "provider[\"registry.terraform.io/hashicorp/aws\"]",
      "instances": [
        {
          "schema_version": 0,
          "attributes": {
            "arn": "arn:aws:states:us-east-1:600424110307:stateMachine:aws-ssm-fetcher-dev-pipeline",
            "creation_date": "2025-09-08T01:14:41Z",
            "definition": "{\"Comment\":\"AWS SSM Data Fetcher Pipeline\",\"StartAt\":\"DataFetcher\",\"States\":{\"DataFetcher\":{\"Catch\":[{\"ErrorEquals\":[\"States.ALL\"],\"Next\":\"FailureNotification\",\"ResultPath\":\"$.error\"}],\"Next\":\"ProcessorCheck\",\"Parameters\":{\"execution_id.$\":\"$$.Execution.Name\",\"input.$\":\"$\"},\"Resource\":\"arn:aws:lambda:us-east-1:600424110307:function:aws-ssm-fetcher-dev-data-fetcher\",\"Retry\":[{\"BackoffRate\":2,\"ErrorEquals\":[\"Lambda.ServiceException\",\"Lambda.AWSLambdaException\",\"Lambda.SdkClientException\"],\"IntervalSeconds\":2,\"MaxAttempts\":6}],\"Type\":\"Task\"},\"FailureNotification\":{\"End\":true,\"Parameters\":{\"Message\":{\"error.$\":\"$.error\",\"execution_id.$\":\"$$.Execution.Name\",\"status\":\"failed\",\"timestamp.$\":\"$$.State.EnteredTime\"},\"Subject\":\"aws-ssm-fetcher Pipeline Failure\",\"TopicArn\":\"arn:aws:sns:us-east-1:600424110307:aws-ssm-fetcher-dev-notifications\"},\"Resource\":\"arn:aws:states:::sns:publish\",\"Type\":\"Task\"},\"Processor\":{\"Catch\":[{\"ErrorEquals\":[\"States.ALL\"],\"Next\":\"FailureNotification\",\"ResultPath\":\"$.error\"}],\"Next\":\"ReportGeneratorCheck\",\"Parameters\":{\"data_location.$\":\"$.data_location\",\"execution_id.$\":\"$$.Execution.Name\",\"input.$\":\"$\"},\"Resource\":\"arn:aws:lambda:us-east-1:600424110307:function:aws-ssm-fetcher-dev-processor\",\"Retry\":[{\"BackoffRate\":2,\"ErrorEquals\":[\"Lambda.ServiceException\",\"Lambda.AWSLambdaException\",\"Lambda.SdkClientException\"],\"IntervalSeconds\":2,\"MaxAttempts\":6}],\"Type\":\"Task\"},\"ProcessorCheck\":{\"Choices\":[{\"Next\":\"Processor\",\"StringEquals\":\"success\",\"Variable\":\"$.status\"}],\"Default\":\"FailureNotification\",\"Type\":\"Choice\"},\"ReportGenerator\":{\"Catch\":[{\"ErrorEquals\":[\"States.ALL\"],\"Next\":\"FailureNotification\",\"ResultPath\":\"$.error\"}],\"Next\":\"SuccessNotification\",\"Parameters\":{\"execution_id.$\":\"$$.Execution.Name\",\"input.$\":\"$\",\"processed_data_location.$\":\"$.processed_data_location\"},\"Resource\":\"arn:aws:lambda:us-east-1:600424110307:function:aws-ssm-fetcher-dev-report-generator\",\"Retry\":[{\"BackoffRate\":2,\"ErrorEquals\":[\"Lambda.ServiceException\",\"Lambda.AWSLambdaException\",\"Lambda.SdkClientException\"],\"IntervalSeconds\":2,\"MaxAttempts\":6}],\"Type\":\"Task\"},\"ReportGeneratorCheck\":{\"Choices\":[{\"Next\":\"ReportGenerator\",\"StringEquals\":\"success\",\"Variable\":\"$.status\"}],\"Default\":\"FailureNotification\",\"Type\":\"Choice\"},\"SuccessNotification\":{\"End\":true,\"Parameters\":{\"Message\":{\"execution_id.$\":\"$$.Execution.Name\",\"reports.$\":\"$.reports\",\"status\":\"completed\",\"timestamp.$\":\"$$.State.EnteredTime\"},\"Subject\":\"aws-ssm-fetcher Pipeline Success\",\"TopicArn\":\"arn:aws:sns:us-east-1:600424110307:aws-ssm-fetcher-dev-notifications\"},\"Resource\":\"arn:aws:states:::sns:publish\",\"Type\":\"Task\"}}}",
            "description": "",
            "encryption_configuration": [
              {
                "kms_data_key_reuse_period_seconds": 0,
                "kms_key_id": "",
                "type": "AWS_OWNED_KEY"
              }
            ],
            "id": "arn:aws:states:us-east-1:600424110307:stateMachine:aws-ssm-fetcher-dev-pipeline",
            "logging_configuration": [
              {
                "include_execution_data": true,
                "level": "ERROR",
                "log_destination": "arn:aws:logs:us-east-1:600424110307:log-group:/aws/stepfunctions/aws-ssm-fetcher-dev-pipeline:*"
              }
            ],
            "name": "aws-ssm-fetcher-dev-pipeline",
            "name_prefix": "",
            "publish": false,
            "revision_id": "",
            "role_arn": "arn:aws:iam::600424110307:role/aws-ssm-fetcher-dev-step-functions-role",
            "state_machine_version_arn": "",
            "status": "ACTIVE",
            "tags": {
              "Environment": "dev",
              "ManagedBy": "terraform",
              "Name": "aws-ssm-fetcher-dev-step-functions",
              "Project": "aws-ssm-fetcher"
            },
            "tags_all": {
              "Environment": "dev",
              "ManagedBy": "terraform",
              "Name": "aws-ssm-fetcher-dev-step-functions",
              "Project": "aws-ssm-fetcher"
            },
            "timeouts": null,
            "tracing_configuration": [
              {
                "enabled": false
              }
            ],
            "type": "STANDARD",
            "version_description": null
          },
          "sensitive_attributes": [],
          "identity_schema_version": 0,
          "private": "eyJlMmJmYjczMC1lY2FhLTExZTYtOGY4OC0zNDM2M2JjN2M0YzAiOnsiY3JlYXRlIjozMDAwMDAwMDAwMDAsImRlbGV0ZSI6MzAwMDAwMDAwMDAwLCJ1cGRhdGUiOjYwMDAwMDAwMDAwfX0=",
          "dependencies": [
            "module.iam.aws_iam_role.lambda_execution",
            "module.iam.aws_iam_role.step_functions_execution",
            "module.lambda_data_fetcher.aws_cloudwatch_log_group.lambda_logs",
            "module.lambda_data_fetcher.aws_lambda_function.main",
            "module.lambda_data_fetcher.aws_sqs_queue.dlq",
            "module.lambda_data_fetcher.data.archive_file.lambda_zip",
            "module.lambda_layer.aws_lambda_layer_version.shared_layer",
            "module.lambda_layer.data.archive_file.layer_zip",
            "module.lambda_processor.aws_cloudwatch_log_group.lambda_logs",
            "module.lambda_processor.aws_lambda_function.main",
            "module.lambda_processor.aws_sqs_queue.dlq",
            "module.lambda_processor.data.archive_file.lambda_zip",
            "module.lambda_report_generator.aws_cloudwatch_log_group.lambda_logs",
            "module.lambda_report_generator.aws_lambda_function.main",
            "module.lambda_report_generator.aws_sqs_queue.dlq",
            "module.lambda_report_generator.data.archive_file.lambda_zip",
            "module.s3_storage.aws_s3_bucket.main",
            "module.s3_storage.random_string.suffix",
            "module.step_functions.aws_cloudwatch_log_group.step_functions_logs",
            "module.step_functions.aws_sns_topic.notifications"
          ]
        }
      ]
    },
    {
      "module": "module.step_functions",
      "mode": "managed",
      "type": "aws_sns_topic",
      "name": "notifications",
      "provider": "provider[\"registry.terraform.io/hashicorp/aws\"]",
      "instances": [
        {
          "schema_version": 0,
          "attributes": {
            "application_failure_feedback_role_arn": "",
            "application_success_feedback_role_arn": "",
            "application_success_feedback_sample_rate": 0,
            "archive_policy": "",
            "arn": "arn:aws:sns:us-east-1:600424110307:aws-ssm-fetcher-dev-notifications",
            "beginning_archive_time": "",
            "content_based_deduplication": false,
            "delivery_policy": "",
            "display_name": "",
            "fifo_throughput_scope": "",
            "fifo_topic": false,
            "firehose_failure_feedback_role_arn": "",
            "firehose_success_feedback_role_arn": "",
            "firehose_success_feedback_sample_rate": 0,
            "http_failure_feedback_role_arn": "",
            "http_success_feedback_role_arn": "",
            "http_success_feedback_sample_rate": 0,
            "id": "arn:aws:sns:us-east-1:600424110307:aws-ssm-fetcher-dev-notifications",
            "kms_master_key_id": "",
            "lambda_failure_feedback_role_arn": "",
            "lambda_success_feedback_role_arn": "",
            "lambda_success_feedback_sample_rate": 0,
            "name": "aws-ssm-fetcher-dev-notifications",
            "name_prefix": "",
            "owner": "600424110307",
            "policy": "{\"Statement\":[{\"Action\":\"SNS:Publish\",\"Condition\":{\"StringEquals\":{\"aws:SourceAccount\":\"600424110307\"}},\"Effect\":\"Allow\",\"Principal\":{\"Service\":\"states.amazonaws.com\"},\"Resource\":\"arn:aws:sns:us-east-1:600424110307:aws-ssm-fetcher-dev-notifications\"}],\"Version\":\"2012-10-17\"}",
            "signature_version": 0,
            "sqs_failure_feedback_role_arn": "",
            "sqs_success_feedback_role_arn": "",
            "sqs_success_feedback_sample_rate": 0,
            "tags": {
              "Environment": "dev",
              "ManagedBy": "terraform",
              "Name": "aws-ssm-fetcher-dev-notifications",
              "Project": "aws-ssm-fetcher"
            },
            "tags_all": {
              "Environment": "dev",
              "ManagedBy": "terraform",
              "Name": "aws-ssm-fetcher-dev-notifications",
              "Project": "aws-ssm-fetcher"
            },
            "tracing_config": ""
          },
          "sensitive_attributes": [],
          "identity_schema_version": 0,
          "private": "bnVsbA=="
        }
      ]
    },
    {
      "module": "module.step_functions",
      "mode": "managed",
      "type": "aws_sns_topic_policy",
      "name": "notifications",
      "provider": "provider[\"registry.terraform.io/hashicorp/aws\"]",
      "instances": [
        {
          "schema_version": 0,
          "attributes": {
            "arn": "arn:aws:sns:us-east-1:600424110307:aws-ssm-fetcher-dev-notifications",
            "id": "arn:aws:sns:us-east-1:600424110307:aws-ssm-fetcher-dev-notifications",
            "owner": "600424110307",
            "policy": "{\"Statement\":[{\"Action\":\"SNS:Publish\",\"Condition\":{\"StringEquals\":{\"aws:SourceAccount\":\"600424110307\"}},\"Effect\":\"Allow\",\"Principal\":{\"Service\":\"states.amazonaws.com\"},\"Resource\":\"arn:aws:sns:us-east-1:600424110307:aws-ssm-fetcher-dev-notifications\"}],\"Version\":\"2012-10-17\"}"
          },
          "sensitive_attributes": [],
          "identity_schema_version": 0,
          "private": "bnVsbA==",
          "dependencies": [
            "module.step_functions.aws_sns_topic.notifications",
            "module.step_functions.data.aws_caller_identity.current"
          ]
        }
      ]
    }
  ],
  "check_results": null
}
